Microsoft Visual Studio Solution File, Format Version 12.00
# Visual Studio Version 16
VisualStudioVersion = 16.0.29009.5
MinimumVisualStudioVersion = 15.0.26124.0
Project("{2150E333-8FDC-42A3-9474-1A3956D46DE8}") = "src", "src", "{B280334D-A924-4F2E-9AF3-BA7566335FB0}"
EndProject
Project("{9A19103F-16F7-4668-BE54-9A1E7A4F7556}") = "EventManagement.Web", "src\EventManagement.Web\EventManagement.Web.csproj", "{16D4EE87-7D11-433D-9BED-B6691B680D46}"
EndProject
Project("{9A19103F-16F7-4668-BE54-9A1E7A4F7556}") = "EventManagement.Domain", "src\EventManagement.Domain\EventManagement.Domain.csproj", "{66551447-8E30-46C6-ABFA-7147EC6FFAA6}"
EndProject
Project("{9A19103F-16F7-4668-BE54-9A1E7A4F7556}") = "EventManagement.Infrastructure", "src\EventManagement.Infrastructure\EventManagement.Infrastructure.csproj", "{4FFBEE34-716C-48CF-A610-214F5507E50D}"
EndProject
Project("{9A19103F-16F7-4668-BE54-9A1E7A4F7556}") = "EventManagement.Services", "src\EventManagement.Services\EventManagement.Services.csproj", "{F1896EAE-D9DE-40CB-A1B0-438F5281CD7F}"
EndProject
Project("{FAE04EC0-301F-11D3-BF4B-00C04F79EFBC}") = "EventManagement.Services.Converto", "src\EventManagement.Services.Converto\EventManagement.Services.Converto.csproj", "{EADB8A20-179B-4092-A338-058F61D7487A}"
EndProject
Project("{2150E333-8FDC-42A3-9474-1A3956D46DE8}") = "tests", "tests", "{DBDA05E0-4065-4C83-8C2B-29C1A77BFA98}"
EndProject
Project("{9A19103F-16F7-4668-BE54-9A1E7A4F7556}") = "EventManagement.IntegrationTests", "tests\EventManagement.IntegrationTests\EventManagement.IntegrationTests.csproj", "{02C50FB2-0AFC-41A4-B6B4-69801337434D}"
EndProject
Project("{9A19103F-16F7-4668-BE54-9A1E7A4F7556}") = "EventManagement.UnitTests", "tests\EventManagement.UnitTests\EventManagement.UnitTests.csproj", "{99FFFC5B-69E5-44B9-B0B6-BF74E664EFC6}"
EndProject
Global
	GlobalSection(SolutionConfigurationPlatforms) = preSolution
		Debug|Any CPU = Debug|Any CPU
		Debug|x64 = Debug|x64
		Debug|x86 = Debug|x86
		Release|Any CPU = Release|Any CPU
		Release|x64 = Release|x64
		Release|x86 = Release|x86
	EndGlobalSection
	GlobalSection(ProjectConfigurationPlatforms) = postSolution
		{16D4EE87-7D11-433D-9BED-B6691B680D46}.Debug|Any CPU.ActiveCfg = Debug|Any CPU
		{16D4EE87-7D11-433D-9BED-B6691B680D46}.Debug|Any CPU.Build.0 = Debug|Any CPU
		{16D4EE87-7D11-433D-9BED-B6691B680D46}.Debug|x64.ActiveCfg = Debug|Any CPU
		{16D4EE87-7D11-433D-9BED-B6691B680D46}.Debug|x64.Build.0 = Debug|Any CPU
		{16D4EE87-7D11-433D-9BED-B6691B680D46}.Debug|x86.ActiveCfg = Debug|Any CPU
		{16D4EE87-7D11-433D-9BED-B6691B680D46}.Debug|x86.Build.0 = Debug|Any CPU
		{16D4EE87-7D11-433D-9BED-B6691B680D46}.Release|Any CPU.ActiveCfg = Release|Any CPU
		{16D4EE87-7D11-433D-9BED-B6691B680D46}.Release|Any CPU.Build.0 = Release|Any CPU
		{16D4EE87-7D11-433D-9BED-B6691B680D46}.Release|x64.ActiveCfg = Release|Any CPU
		{16D4EE87-7D11-433D-9BED-B6691B680D46}.Release|x64.Build.0 = Release|Any CPU
		{16D4EE87-7D11-433D-9BED-B6691B680D46}.Release|x86.ActiveCfg = Release|Any CPU
		{16D4EE87-7D11-433D-9BED-B6691B680D46}.Release|x86.Build.0 = Release|Any CPU
		{66551447-8E30-46C6-ABFA-7147EC6FFAA6}.Debug|Any CPU.ActiveCfg = Debug|Any CPU
		{66551447-8E30-46C6-ABFA-7147EC6FFAA6}.Debug|Any CPU.Build.0 = Debug|Any CPU
		{66551447-8E30-46C6-ABFA-7147EC6FFAA6}.Debug|x64.ActiveCfg = Debug|Any CPU
		{66551447-8E30-46C6-ABFA-7147EC6FFAA6}.Debug|x64.Build.0 = Debug|Any CPU
		{66551447-8E30-46C6-ABFA-7147EC6FFAA6}.Debug|x86.ActiveCfg = Debug|Any CPU
		{66551447-8E30-46C6-ABFA-7147EC6FFAA6}.Debug|x86.Build.0 = Debug|Any CPU
		{66551447-8E30-46C6-ABFA-7147EC6FFAA6}.Release|Any CPU.ActiveCfg = Release|Any CPU
		{66551447-8E30-46C6-ABFA-7147EC6FFAA6}.Release|Any CPU.Build.0 = Release|Any CPU
		{66551447-8E30-46C6-ABFA-7147EC6FFAA6}.Release|x64.ActiveCfg = Release|Any CPU
		{66551447-8E30-46C6-ABFA-7147EC6FFAA6}.Release|x64.Build.0 = Release|Any CPU
		{66551447-8E30-46C6-ABFA-7147EC6FFAA6}.Release|x86.ActiveCfg = Release|Any CPU
		{66551447-8E30-46C6-ABFA-7147EC6FFAA6}.Release|x86.Build.0 = Release|Any CPU
		{4FFBEE34-716C-48CF-A610-214F5507E50D}.Debug|Any CPU.ActiveCfg = Debug|Any CPU
		{4FFBEE34-716C-48CF-A610-214F5507E50D}.Debug|Any CPU.Build.0 = Debug|Any CPU
		{4FFBEE34-716C-48CF-A610-214F5507E50D}.Debug|x64.ActiveCfg = Debug|Any CPU
		{4FFBEE34-716C-48CF-A610-214F5507E50D}.Debug|x64.Build.0 = Debug|Any CPU
		{4FFBEE34-716C-48CF-A610-214F5507E50D}.Debug|x86.ActiveCfg = Debug|Any CPU
		{4FFBEE34-716C-48CF-A610-214F5507E50D}.Debug|x86.Build.0 = Debug|Any CPU
		{4FFBEE34-716C-48CF-A610-214F5507E50D}.Release|Any CPU.ActiveCfg = Release|Any CPU
		{4FFBEE34-716C-48CF-A610-214F5507E50D}.Release|Any CPU.Build.0 = Release|Any CPU
		{4FFBEE34-716C-48CF-A610-214F5507E50D}.Release|x64.ActiveCfg = Release|Any CPU
		{4FFBEE34-716C-48CF-A610-214F5507E50D}.Release|x64.Build.0 = Release|Any CPU
		{4FFBEE34-716C-48CF-A610-214F5507E50D}.Release|x86.ActiveCfg = Release|Any CPU
		{4FFBEE34-716C-48CF-A610-214F5507E50D}.Release|x86.Build.0 = Release|Any CPU
		{F1896EAE-D9DE-40CB-A1B0-438F5281CD7F}.Debug|Any CPU.ActiveCfg = Debug|Any CPU
		{F1896EAE-D9DE-40CB-A1B0-438F5281CD7F}.Debug|Any CPU.Build.0 = Debug|Any CPU
		{F1896EAE-D9DE-40CB-A1B0-438F5281CD7F}.Debug|x64.ActiveCfg = Debug|Any CPU
		{F1896EAE-D9DE-40CB-A1B0-438F5281CD7F}.Debug|x64.Build.0 = Debug|Any CPU
		{F1896EAE-D9DE-40CB-A1B0-438F5281CD7F}.Debug|x86.ActiveCfg = Debug|Any CPU
		{F1896EAE-D9DE-40CB-A1B0-438F5281CD7F}.Debug|x86.Build.0 = Debug|Any CPU
		{F1896EAE-D9DE-40CB-A1B0-438F5281CD7F}.Release|Any CPU.ActiveCfg = Release|Any CPU
		{F1896EAE-D9DE-40CB-A1B0-438F5281CD7F}.Release|Any CPU.Build.0 = Release|Any CPU
		{F1896EAE-D9DE-40CB-A1B0-438F5281CD7F}.Release|x64.ActiveCfg = Release|Any CPU
		{F1896EAE-D9DE-40CB-A1B0-438F5281CD7F}.Release|x64.Build.0 = Release|Any CPU
		{F1896EAE-D9DE-40CB-A1B0-438F5281CD7F}.Release|x86.ActiveCfg = Release|Any CPU
		{F1896EAE-D9DE-40CB-A1B0-438F5281CD7F}.Release|x86.Build.0 = Release|Any CPU
		{02C50FB2-0AFC-41A4-B6B4-69801337434D}.Debug|Any CPU.ActiveCfg = Debug|Any CPU
		{02C50FB2-0AFC-41A4-B6B4-69801337434D}.Debug|Any CPU.Build.0 = Debug|Any CPU
		{02C50FB2-0AFC-41A4-B6B4-69801337434D}.Debug|x64.ActiveCfg = Debug|Any CPU
		{02C50FB2-0AFC-41A4-B6B4-69801337434D}.Debug|x64.Build.0 = Debug|Any CPU
		{02C50FB2-0AFC-41A4-B6B4-69801337434D}.Debug|x86.ActiveCfg = Debug|Any CPU
		{02C50FB2-0AFC-41A4-B6B4-69801337434D}.Debug|x86.Build.0 = Debug|Any CPU
		{02C50FB2-0AFC-41A4-B6B4-69801337434D}.Release|Any CPU.ActiveCfg = Release|Any CPU
		{02C50FB2-0AFC-41A4-B6B4-69801337434D}.Release|Any CPU.Build.0 = Release|Any CPU
		{02C50FB2-0AFC-41A4-B6B4-69801337434D}.Release|x64.ActiveCfg = Release|Any CPU
		{02C50FB2-0AFC-41A4-B6B4-69801337434D}.Release|x64.Build.0 = Release|Any CPU
		{02C50FB2-0AFC-41A4-B6B4-69801337434D}.Release|x86.ActiveCfg = Release|Any CPU
		{02C50FB2-0AFC-41A4-B6B4-69801337434D}.Release|x86.Build.0 = Release|Any CPU
		{99FFFC5B-69E5-44B9-B0B6-BF74E664EFC6}.Debug|Any CPU.ActiveCfg = Debug|Any CPU
		{99FFFC5B-69E5-44B9-B0B6-BF74E664EFC6}.Debug|Any CPU.Build.0 = Debug|Any CPU
		{99FFFC5B-69E5-44B9-B0B6-BF74E664EFC6}.Debug|x64.ActiveCfg = Debug|Any CPU
		{99FFFC5B-69E5-44B9-B0B6-BF74E664EFC6}.Debug|x64.Build.0 = Debug|Any CPU
		{99FFFC5B-69E5-44B9-B0B6-BF74E664EFC6}.Debug|x86.ActiveCfg = Debug|Any CPU
		{99FFFC5B-69E5-44B9-B0B6-BF74E664EFC6}.Debug|x86.Build.0 = Debug|Any CPU
		{99FFFC5B-69E5-44B9-B0B6-BF74E664EFC6}.Release|Any CPU.ActiveCfg = Release|Any CPU
		{99FFFC5B-69E5-44B9-B0B6-BF74E664EFC6}.Release|Any CPU.Build.0 = Release|Any CPU
		{99FFFC5B-69E5-44B9-B0B6-BF74E664EFC6}.Release|x64.ActiveCfg = Release|Any CPU
		{99FFFC5B-69E5-44B9-B0B6-BF74E664EFC6}.Release|x64.Build.0 = Release|Any CPU
		{99FFFC5B-69E5-44B9-B0B6-BF74E664EFC6}.Release|x86.ActiveCfg = Release|Any CPU
		{99FFFC5B-69E5-44B9-B0B6-BF74E664EFC6}.Release|x86.Build.0 = Release|Any CPU
		{EADB8A20-179B-4092-A338-058F61D7487A}.Debug|Any CPU.ActiveCfg = Debug|Any CPU
		{EADB8A20-179B-4092-A338-058F61D7487A}.Debug|Any CPU.Build.0 = Debug|Any CPU
		{EADB8A20-179B-4092-A338-058F61D7487A}.Debug|x64.ActiveCfg = Debug|Any CPU
		{EADB8A20-179B-4092-A338-058F61D7487A}.Debug|x64.Build.0 = Debug|Any CPU
		{EADB8A20-179B-4092-A338-058F61D7487A}.Debug|x86.ActiveCfg = Debug|Any CPU
		{EADB8A20-179B-4092-A338-058F61D7487A}.Debug|x86.Build.0 = Debug|Any CPU
		{EADB8A20-179B-4092-A338-058F61D7487A}.Release|Any CPU.ActiveCfg = Release|Any CPU
		{EADB8A20-179B-4092-A338-058F61D7487A}.Release|Any CPU.Build.0 = Release|Any CPU
		{EADB8A20-179B-4092-A338-058F61D7487A}.Release|x64.ActiveCfg = Release|Any CPU
		{EADB8A20-179B-4092-A338-058F61D7487A}.Release|x64.Build.0 = Release|Any CPU
		{EADB8A20-179B-4092-A338-058F61D7487A}.Release|x86.ActiveCfg = Release|Any CPU
		{EADB8A20-179B-4092-A338-058F61D7487A}.Release|x86.Build.0 = Release|Any CPU
	EndGlobalSection
	GlobalSection(SolutionProperties) = preSolution
		HideSolutionNode = FALSE
	EndGlobalSection
	GlobalSection(NestedProjects) = preSolution
		{16D4EE87-7D11-433D-9BED-B6691B680D46} = {B280334D-A924-4F2E-9AF3-BA7566335FB0}
		{66551447-8E30-46C6-ABFA-7147EC6FFAA6} = {B280334D-A924-4F2E-9AF3-BA7566335FB0}
		{4FFBEE34-716C-48CF-A610-214F5507E50D} = {B280334D-A924-4F2E-9AF3-BA7566335FB0}
		{F1896EAE-D9DE-40CB-A1B0-438F5281CD7F} = {B280334D-A924-4F2E-9AF3-BA7566335FB0}
		{02C50FB2-0AFC-41A4-B6B4-69801337434D} = {DBDA05E0-4065-4C83-8C2B-29C1A77BFA98}
		{99FFFC5B-69E5-44B9-B0B6-BF74E664EFC6} = {DBDA05E0-4065-4C83-8C2B-29C1A77BFA98}
		{EADB8A20-179B-4092-A338-058F61D7487A} = {B280334D-A924-4F2E-9AF3-BA7566335FB0}
	EndGlobalSection
	GlobalSection(ExtensibilityGlobals) = postSolution
		SolutionGuid = {73E41161-D239-4EB6-8C90-A0FEA88D4E7C}
	EndGlobalSection
EndGlobal
