
Microsoft Visual Studio Solution File, Format Version 12.00
# Visual Studio Version 16
VisualStudioVersion = 16.0.29509.3
MinimumVisualStudioVersion = 15.0.26124.0
Project("{2150E333-8FDC-42A3-9474-1A3956D46DE8}") = "src", "src", "{4B03ABF7-A8C8-40C2-BCA5-EE1ED6B5D5B4}"
	ProjectSection(SolutionItems) = preProject
		src\common.props = src\common.props
	EndProjectSection
EndProject
Project("{9A19103F-16F7-4668-BE54-9A1E7A4F7556}") = "Losol.Communication.Email", "src\Losol.Communication.Email\Losol.Communication.Email.csproj", "{5AC216F1-78E8-4A69-9C58-5AF1938FBADA}"
EndProject
Project("{9A19103F-16F7-4668-BE54-9A1E7A4F7556}") = "Losol.Communication.Email.File", "src\Losol.Communication.Email.File\Losol.Communication.Email.File.csproj", "{FDD96929-001D-4807-BB05-755349DBB2D5}"
EndProject
Project("{9A19103F-16F7-4668-BE54-9A1E7A4F7556}") = "Losol.Communication.Email.SendGrid", "src\Losol.Communication.Email.SendGrid\Losol.Communication.Email.SendGrid.csproj", "{CFBADF70-3BA1-43C7-AD5C-C43A93B0F2F0}"
EndProject
Project("{9A19103F-16F7-4668-BE54-9A1E7A4F7556}") = "Losol.Communication.Email.Smtp", "src\Losol.Communication.Email.Smtp\Losol.Communication.Email.Smtp.csproj", "{2EC25292-DA29-4FD7-A68D-5A1B87636600}"
EndProject
Project("{9A19103F-16F7-4668-BE54-9A1E7A4F7556}") = "Losol.Communication.Sms", "src\Losol.Communication.Sms\Losol.Communication.Sms.csproj", "{8DA98C75-B4E7-4979-A949-83AE0CC30815}"
EndProject
Project("{9A19103F-16F7-4668-BE54-9A1E7A4F7556}") = "Losol.Communication.Sms.Twilio", "src\Losol.Communication.Sms.Twilio\Losol.Communication.Sms.Twilio.csproj", "{0A5F5288-F334-48EC-AA8A-03037C17CEEC}"
EndProject
Project("{9A19103F-16F7-4668-BE54-9A1E7A4F7556}") = "Losol.Communication.Email.Mock", "src\Losol.Communication.Email.Mock\Losol.Communication.Email.Mock.csproj", "{AA736154-C412-4A51-9134-3576F62B9134}"
EndProject
Project("{9A19103F-16F7-4668-BE54-9A1E7A4F7556}") = "Losol.Communication.Sms.Mock", "src\Losol.Communication.Sms.Mock\Losol.Communication.Sms.Mock.csproj", "{294D8E54-C44A-47E4-B7EA-3487FA8213F3}"
EndProject
Global
	GlobalSection(SolutionConfigurationPlatforms) = preSolution
		Debug|Any CPU = Debug|Any CPU
		Debug|x64 = Debug|x64
		Debug|x86 = Debug|x86
		Release|Any CPU = Release|Any CPU
		Release|x64 = Release|x64
		Release|x86 = Release|x86
	EndGlobalSection
	GlobalSection(ProjectConfigurationPlatforms) = postSolution
		{5AC216F1-78E8-4A69-9C58-5AF1938FBADA}.Debug|Any CPU.ActiveCfg = Debug|Any CPU
		{5AC216F1-78E8-4A69-9C58-5AF1938FBADA}.Debug|Any CPU.Build.0 = Debug|Any CPU
		{5AC216F1-78E8-4A69-9C58-5AF1938FBADA}.Debug|x64.ActiveCfg = Debug|Any CPU
		{5AC216F1-78E8-4A69-9C58-5AF1938FBADA}.Debug|x64.Build.0 = Debug|Any CPU
		{5AC216F1-78E8-4A69-9C58-5AF1938FBADA}.Debug|x86.ActiveCfg = Debug|Any CPU
		{5AC216F1-78E8-4A69-9C58-5AF1938FBADA}.Debug|x86.Build.0 = Debug|Any CPU
		{5AC216F1-78E8-4A69-9C58-5AF1938FBADA}.Release|Any CPU.ActiveCfg = Release|Any CPU
		{5AC216F1-78E8-4A69-9C58-5AF1938FBADA}.Release|Any CPU.Build.0 = Release|Any CPU
		{5AC216F1-78E8-4A69-9C58-5AF1938FBADA}.Release|x64.ActiveCfg = Release|Any CPU
		{5AC216F1-78E8-4A69-9C58-5AF1938FBADA}.Release|x64.Build.0 = Release|Any CPU
		{5AC216F1-78E8-4A69-9C58-5AF1938FBADA}.Release|x86.ActiveCfg = Release|Any CPU
		{5AC216F1-78E8-4A69-9C58-5AF1938FBADA}.Release|x86.Build.0 = Release|Any CPU
		{FDD96929-001D-4807-BB05-755349DBB2D5}.Debug|Any CPU.ActiveCfg = Debug|Any CPU
		{FDD96929-001D-4807-BB05-755349DBB2D5}.Debug|Any CPU.Build.0 = Debug|Any CPU
		{FDD96929-001D-4807-BB05-755349DBB2D5}.Debug|x64.ActiveCfg = Debug|Any CPU
		{FDD96929-001D-4807-BB05-755349DBB2D5}.Debug|x64.Build.0 = Debug|Any CPU
		{FDD96929-001D-4807-BB05-755349DBB2D5}.Debug|x86.ActiveCfg = Debug|Any CPU
		{FDD96929-001D-4807-BB05-755349DBB2D5}.Debug|x86.Build.0 = Debug|Any CPU
		{FDD96929-001D-4807-BB05-755349DBB2D5}.Release|Any CPU.ActiveCfg = Release|Any CPU
		{FDD96929-001D-4807-BB05-755349DBB2D5}.Release|Any CPU.Build.0 = Release|Any CPU
		{FDD96929-001D-4807-BB05-755349DBB2D5}.Release|x64.ActiveCfg = Release|Any CPU
		{FDD96929-001D-4807-BB05-755349DBB2D5}.Release|x64.Build.0 = Release|Any CPU
		{FDD96929-001D-4807-BB05-755349DBB2D5}.Release|x86.ActiveCfg = Release|Any CPU
		{FDD96929-001D-4807-BB05-755349DBB2D5}.Release|x86.Build.0 = Release|Any CPU
		{CFBADF70-3BA1-43C7-AD5C-C43A93B0F2F0}.Debug|Any CPU.ActiveCfg = Debug|Any CPU
		{CFBADF70-3BA1-43C7-AD5C-C43A93B0F2F0}.Debug|Any CPU.Build.0 = Debug|Any CPU
		{CFBADF70-3BA1-43C7-AD5C-C43A93B0F2F0}.Debug|x64.ActiveCfg = Debug|Any CPU
		{CFBADF70-3BA1-43C7-AD5C-C43A93B0F2F0}.Debug|x64.Build.0 = Debug|Any CPU
		{CFBADF70-3BA1-43C7-AD5C-C43A93B0F2F0}.Debug|x86.ActiveCfg = Debug|Any CPU
		{CFBADF70-3BA1-43C7-AD5C-C43A93B0F2F0}.Debug|x86.Build.0 = Debug|Any CPU
		{CFBADF70-3BA1-43C7-AD5C-C43A93B0F2F0}.Release|Any CPU.ActiveCfg = Release|Any CPU
		{CFBADF70-3BA1-43C7-AD5C-C43A93B0F2F0}.Release|Any CPU.Build.0 = Release|Any CPU
		{CFBADF70-3BA1-43C7-AD5C-C43A93B0F2F0}.Release|x64.ActiveCfg = Release|Any CPU
		{CFBADF70-3BA1-43C7-AD5C-C43A93B0F2F0}.Release|x64.Build.0 = Release|Any CPU
		{CFBADF70-3BA1-43C7-AD5C-C43A93B0F2F0}.Release|x86.ActiveCfg = Release|Any CPU
		{CFBADF70-3BA1-43C7-AD5C-C43A93B0F2F0}.Release|x86.Build.0 = Release|Any CPU
		{2EC25292-DA29-4FD7-A68D-5A1B87636600}.Debug|Any CPU.ActiveCfg = Debug|Any CPU
		{2EC25292-DA29-4FD7-A68D-5A1B87636600}.Debug|Any CPU.Build.0 = Debug|Any CPU
		{2EC25292-DA29-4FD7-A68D-5A1B87636600}.Debug|x64.ActiveCfg = Debug|Any CPU
		{2EC25292-DA29-4FD7-A68D-5A1B87636600}.Debug|x64.Build.0 = Debug|Any CPU
		{2EC25292-DA29-4FD7-A68D-5A1B87636600}.Debug|x86.ActiveCfg = Debug|Any CPU
		{2EC25292-DA29-4FD7-A68D-5A1B87636600}.Debug|x86.Build.0 = Debug|Any CPU
		{2EC25292-DA29-4FD7-A68D-5A1B87636600}.Release|Any CPU.ActiveCfg = Release|Any CPU
		{2EC25292-DA29-4FD7-A68D-5A1B87636600}.Release|Any CPU.Build.0 = Release|Any CPU
		{2EC25292-DA29-4FD7-A68D-5A1B87636600}.Release|x64.ActiveCfg = Release|Any CPU
		{2EC25292-DA29-4FD7-A68D-5A1B87636600}.Release|x64.Build.0 = Release|Any CPU
		{2EC25292-DA29-4FD7-A68D-5A1B87636600}.Release|x86.ActiveCfg = Release|Any CPU
		{2EC25292-DA29-4FD7-A68D-5A1B87636600}.Release|x86.Build.0 = Release|Any CPU
		{8DA98C75-B4E7-4979-A949-83AE0CC30815}.Debug|Any CPU.ActiveCfg = Debug|Any CPU
		{8DA98C75-B4E7-4979-A949-83AE0CC30815}.Debug|Any CPU.Build.0 = Debug|Any CPU
		{8DA98C75-B4E7-4979-A949-83AE0CC30815}.Debug|x64.ActiveCfg = Debug|Any CPU
		{8DA98C75-B4E7-4979-A949-83AE0CC30815}.Debug|x64.Build.0 = Debug|Any CPU
		{8DA98C75-B4E7-4979-A949-83AE0CC30815}.Debug|x86.ActiveCfg = Debug|Any CPU
		{8DA98C75-B4E7-4979-A949-83AE0CC30815}.Debug|x86.Build.0 = Debug|Any CPU
		{8DA98C75-B4E7-4979-A949-83AE0CC30815}.Release|Any CPU.ActiveCfg = Release|Any CPU
		{8DA98C75-B4E7-4979-A949-83AE0CC30815}.Release|Any CPU.Build.0 = Release|Any CPU
		{8DA98C75-B4E7-4979-A949-83AE0CC30815}.Release|x64.ActiveCfg = Release|Any CPU
		{8DA98C75-B4E7-4979-A949-83AE0CC30815}.Release|x64.Build.0 = Release|Any CPU
		{8DA98C75-B4E7-4979-A949-83AE0CC30815}.Release|x86.ActiveCfg = Release|Any CPU
		{8DA98C75-B4E7-4979-A949-83AE0CC30815}.Release|x86.Build.0 = Release|Any CPU
		{0A5F5288-F334-48EC-AA8A-03037C17CEEC}.Debug|Any CPU.ActiveCfg = Debug|Any CPU
		{0A5F5288-F334-48EC-AA8A-03037C17CEEC}.Debug|Any CPU.Build.0 = Debug|Any CPU
		{0A5F5288-F334-48EC-AA8A-03037C17CEEC}.Debug|x64.ActiveCfg = Debug|Any CPU
		{0A5F5288-F334-48EC-AA8A-03037C17CEEC}.Debug|x64.Build.0 = Debug|Any CPU
		{0A5F5288-F334-48EC-AA8A-03037C17CEEC}.Debug|x86.ActiveCfg = Debug|Any CPU
		{0A5F5288-F334-48EC-AA8A-03037C17CEEC}.Debug|x86.Build.0 = Debug|Any CPU
		{0A5F5288-F334-48EC-AA8A-03037C17CEEC}.Release|Any CPU.ActiveCfg = Release|Any CPU
		{0A5F5288-F334-48EC-AA8A-03037C17CEEC}.Release|Any CPU.Build.0 = Release|Any CPU
		{0A5F5288-F334-48EC-AA8A-03037C17CEEC}.Release|x64.ActiveCfg = Release|Any CPU
		{0A5F5288-F334-48EC-AA8A-03037C17CEEC}.Release|x64.Build.0 = Release|Any CPU
		{0A5F5288-F334-48EC-AA8A-03037C17CEEC}.Release|x86.ActiveCfg = Release|Any CPU
		{0A5F5288-F334-48EC-AA8A-03037C17CEEC}.Release|x86.Build.0 = Release|Any CPU
		{AA736154-C412-4A51-9134-3576F62B9134}.Debug|Any CPU.ActiveCfg = Debug|Any CPU
		{AA736154-C412-4A51-9134-3576F62B9134}.Debug|Any CPU.Build.0 = Debug|Any CPU
		{AA736154-C412-4A51-9134-3576F62B9134}.Debug|x64.ActiveCfg = Debug|Any CPU
		{AA736154-C412-4A51-9134-3576F62B9134}.Debug|x64.Build.0 = Debug|Any CPU
		{AA736154-C412-4A51-9134-3576F62B9134}.Debug|x86.ActiveCfg = Debug|Any CPU
		{AA736154-C412-4A51-9134-3576F62B9134}.Debug|x86.Build.0 = Debug|Any CPU
		{AA736154-C412-4A51-9134-3576F62B9134}.Release|Any CPU.ActiveCfg = Release|Any CPU
		{AA736154-C412-4A51-9134-3576F62B9134}.Release|Any CPU.Build.0 = Release|Any CPU
		{AA736154-C412-4A51-9134-3576F62B9134}.Release|x64.ActiveCfg = Release|Any CPU
		{AA736154-C412-4A51-9134-3576F62B9134}.Release|x64.Build.0 = Release|Any CPU
		{AA736154-C412-4A51-9134-3576F62B9134}.Release|x86.ActiveCfg = Release|Any CPU
		{AA736154-C412-4A51-9134-3576F62B9134}.Release|x86.Build.0 = Release|Any CPU
		{294D8E54-C44A-47E4-B7EA-3487FA8213F3}.Debug|Any CPU.ActiveCfg = Debug|Any CPU
		{294D8E54-C44A-47E4-B7EA-3487FA8213F3}.Debug|Any CPU.Build.0 = Debug|Any CPU
		{294D8E54-C44A-47E4-B7EA-3487FA8213F3}.Debug|x64.ActiveCfg = Debug|Any CPU
		{294D8E54-C44A-47E4-B7EA-3487FA8213F3}.Debug|x64.Build.0 = Debug|Any CPU
		{294D8E54-C44A-47E4-B7EA-3487FA8213F3}.Debug|x86.ActiveCfg = Debug|Any CPU
		{294D8E54-C44A-47E4-B7EA-3487FA8213F3}.Debug|x86.Build.0 = Debug|Any CPU
		{294D8E54-C44A-47E4-B7EA-3487FA8213F3}.Release|Any CPU.ActiveCfg = Release|Any CPU
		{294D8E54-C44A-47E4-B7EA-3487FA8213F3}.Release|Any CPU.Build.0 = Release|Any CPU
		{294D8E54-C44A-47E4-B7EA-3487FA8213F3}.Release|x64.ActiveCfg = Release|Any CPU
		{294D8E54-C44A-47E4-B7EA-3487FA8213F3}.Release|x64.Build.0 = Release|Any CPU
		{294D8E54-C44A-47E4-B7EA-3487FA8213F3}.Release|x86.ActiveCfg = Release|Any CPU
		{294D8E54-C44A-47E4-B7EA-3487FA8213F3}.Release|x86.Build.0 = Release|Any CPU
	EndGlobalSection
	GlobalSection(SolutionProperties) = preSolution
		HideSolutionNode = FALSE
	EndGlobalSection
	GlobalSection(NestedProjects) = preSolution
		{5AC216F1-78E8-4A69-9C58-5AF1938FBADA} = {4B03ABF7-A8C8-40C2-BCA5-EE1ED6B5D5B4}
		{FDD96929-001D-4807-BB05-755349DBB2D5} = {4B03ABF7-A8C8-40C2-BCA5-EE1ED6B5D5B4}
		{CFBADF70-3BA1-43C7-AD5C-C43A93B0F2F0} = {4B03ABF7-A8C8-40C2-BCA5-EE1ED6B5D5B4}
		{2EC25292-DA29-4FD7-A68D-5A1B87636600} = {4B03ABF7-A8C8-40C2-BCA5-EE1ED6B5D5B4}
		{8DA98C75-B4E7-4979-A949-83AE0CC30815} = {4B03ABF7-A8C8-40C2-BCA5-EE1ED6B5D5B4}
		{0A5F5288-F334-48EC-AA8A-03037C17CEEC} = {4B03ABF7-A8C8-40C2-BCA5-EE1ED6B5D5B4}
		{AA736154-C412-4A51-9134-3576F62B9134} = {4B03ABF7-A8C8-40C2-BCA5-EE1ED6B5D5B4}
		{294D8E54-C44A-47E4-B7EA-3487FA8213F3} = {4B03ABF7-A8C8-40C2-BCA5-EE1ED6B5D5B4}
	EndGlobalSection
	GlobalSection(ExtensibilityGlobals) = postSolution
		SolutionGuid = {ED56FF45-6DFC-4630-9ADD-2E824CC10E30}
	EndGlobalSection
EndGlobal
