{
  "name": "web-e2e",
  "version": "0.1.0",
  "lockfileVersion": 3,
  "requires": true,
  "packages": {
    "": {
      "name": "web-e2e",
      "version": "0.1.0",
      "dependencies": {
        "@playwright/test": "1.41.1",
        "dotenv": "^16.4.5"
      }
    },
    "node_modules/@playwright/test": {
      "version": "1.41.1",
      "resolved": "https://registry.npmjs.org/@playwright/test/-/test-1.41.1.tgz",
      "integrity": "sha512-9g8EWTjiQ9yFBXc6HjCWe41msLpxEX0KhmfmPl9RPLJdfzL4F0lg2BdJ91O9azFdl11y1pmpwdjBiSxvqc+btw==",
      "dependencies": {
        "playwright": "1.41.1"
      },
      "bin": {
        "playwright": "cli.js"
      },
      "engines": {
        "node": ">=16"
      }
    },
    "node_modules/dotenv": {
      "version": "16.4.5",
      "resolved": "https://registry.npmjs.org/dotenv/-/dotenv-16.4.5.tgz",
      "integrity": "sha512-ZmdL2rui+eB2YwhsWzjInR8LldtZHGDoQ1ugH85ppHKwpUHL7j7rN0Ti9NCnGiQbhaZ11FpR+7ao1dNsmduNUg==",
      "engines": {
        "node": ">=12"
      },
      "funding": {
        "url": "https://dotenvx.com"
      }
    },
    "node_modules/fsevents": {
      "version": "2.3.2",
      "resolved": "https://registry.npmjs.org/fsevents/-/fsevents-2.3.2.tgz",
      "integrity": "sha512-xiqMQR4xAeHTuB9uWm+fFRcIOgKBMiOBP+eXiyT7jsgVCq1bkVygt00oASowB7EdtpOHaaPgKt812P9ab+DDKA==",
      "hasInstallScript": true,
      "optional": true,
      "os": [
        "darwin"
      ],
      "engines": {
        "node": "^8.16.0 || ^10.6.0 || >=11.0.0"
      }
    },
    "node_modules/playwright": {
      "version": "1.41.1",
      "resolved": "https://registry.npmjs.org/playwright/-/playwright-1.41.1.tgz",
      "integrity": "sha512-gdZAWG97oUnbBdRL3GuBvX3nDDmUOuqzV/D24dytqlKt+eI5KbwusluZRGljx1YoJKZ2NRPaeWiFTeGZO7SosQ==",
      "dependencies": {
        "playwright-core": "1.41.1"
      },
      "bin": {
        "playwright": "cli.js"
      },
      "engines": {
        "node": ">=16"
      },
      "optionalDependencies": {
        "fsevents": "2.3.2"
      }
    },
    "node_modules/playwright-core": {
      "version": "1.41.1",
      "resolved": "https://registry.npmjs.org/playwright-core/-/playwright-core-1.41.1.tgz",
      "integrity": "sha512-/KPO5DzXSMlxSX77wy+HihKGOunh3hqndhqeo/nMxfigiKzogn8kfL0ZBDu0L1RKgan5XHCPmn6zXd2NUJgjhg==",
      "bin": {
        "playwright-core": "cli.js"
      },
      "engines": {
        "node": ">=16"
      }
    }
  }
}
