lockVersion: 2.0.0
id: 3201932e-d6cc-4856-a8de-7e8af460a54b
management:
  docChecksum: afd2ce3e4bf572eb97410c65b029a270
  docVersion: "3"
  speakeasyVersion: 1.487.1
  generationVersion: 2.506.0
  releaseVersion: 0.0.1
  configChecksum: 98712b02407e16cb7d4882859a638355
features:
  typescript:
    acceptHeaders: 2.81.2
    additionalDependencies: 0.1.0
    additionalProperties: 0.1.1
    constsAndDefaults: 0.1.11
    core: 3.19.0
    defaultEnabledRetries: 0.1.0
    deprecations: 2.81.1
    devContainers: 2.90.0
    enumUnions: 0.1.0
    envVarSecurityUsage: 0.1.2
    globalSecurity: 2.82.12
    globalSecurityCallbacks: 0.1.0
    globalSecurityFlattening: 0.1.0
    globalServerURLs: 2.82.4
    inputOutputModels: 2.82.0
    nullables: 0.1.0
    responseFormat: 0.2.3
    retries: 2.83.0
    sdkHooks: 0.2.0
generatedFiles:
  - .devcontainer/README.md
  - .devcontainer/devcontainer.json
  - .devcontainer/setup.sh
  - .gitattributes
  - .npmignore
  - FUNCTIONS.md
  - RUNTIMES.md
  - USAGE.md
  - docs/lib/utils/retryconfig.md
  - docs/models/components/byregistrationstatus.md
  - docs/models/components/bystatus.md
  - docs/models/components/bytype.md
  - docs/models/components/certificatedto.md
  - docs/models/components/certificateformat.md
  - docs/models/components/emailnotificationdto.md
  - docs/models/components/eventcollectioncreatedto.md
  - docs/models/components/eventcollectiondto.md
  - docs/models/components/eventcollectiondtopageresponsedto.md
  - docs/models/components/eventdto.md
  - docs/models/components/eventdtopageresponsedto.md
  - docs/models/components/eventformdto.md
  - docs/models/components/eventformdtojsonpatchdocument.md
  - docs/models/components/eventinfooptionsdto.md
  - docs/models/components/eventinforegistrationpolicydto.md
  - docs/models/components/eventinfostatus.md
  - docs/models/components/eventinfotype.md
  - docs/models/components/eventparticipantsfilterdto.md
  - docs/models/components/eventstatisticsdto.md
  - docs/models/components/icontractresolver.md
  - docs/models/components/instant.md
  - docs/models/components/invoicedto.md
  - docs/models/components/invoicerequestdto.md
  - docs/models/components/neworderrequestdto.md
  - docs/models/components/newproductdto.md
  - docs/models/components/newproductvariantdto.md
  - docs/models/components/newregistrationdto.md
  - docs/models/components/newregistrationorderdto.md
  - docs/models/components/notificationdto.md
  - docs/models/components/notificationlistorder.md
  - docs/models/components/notificationrecipientlistorder.md
  - docs/models/components/notificationstatisticsdto.md
  - docs/models/components/notificationstatus.md
  - docs/models/components/notificationtype.md
  - docs/models/components/onlinecoursedto.md
  - docs/models/components/orderdto.md
  - docs/models/components/orderlinedto.md
  - docs/models/components/orderlinemodel.md
  - docs/models/components/orderstatus.md
  - docs/models/components/orderupdaterequestdto.md
  - docs/models/components/organizationdto.md
  - docs/models/components/organizationformdto.md
  - docs/models/components/organizationmemberdto.md
  - docs/models/components/organizationmemberroledto.md
  - docs/models/components/organizationsettingdto.md
  - docs/models/components/organizationsettingtype.md
  - docs/models/components/organizationsettingvaluedto.md
  - docs/models/components/paymentprovider.md
  - docs/models/components/periodmatchingkind.md
  - docs/models/components/productdeliverysummarydto.md
  - docs/models/components/productdto.md
  - docs/models/components/productformdto.md
  - docs/models/components/productorderdto.md
  - docs/models/components/productorderssummarydto.md
  - docs/models/components/productstatisticsdto.md
  - docs/models/components/productsummarydto.md
  - docs/models/components/productvariantdto.md
  - docs/models/components/productvisibility.md
  - docs/models/components/registrationcustomerinfodto.md
  - docs/models/components/registrationdto.md
  - docs/models/components/registrationdtopageresponsedto.md
  - docs/models/components/registrationstatus.md
  - docs/models/components/registrationtype.md
  - docs/models/components/registrationupdatedto.md
  - docs/models/components/rolerequestdto.md
  - docs/models/components/security.md
  - docs/models/components/smsnotificationdto.md
  - docs/models/components/userdto.md
  - docs/models/components/userdtopageresponsedto.md
  - docs/models/components/userformdto.md
  - docs/models/components/userlistorder.md
  - docs/models/components/usersummarydto.md
  - docs/models/operations/deletev3eventcollectionsidrequest.md
  - docs/models/operations/deletev3eventseventidcollectionscollectionidrequest.md
  - docs/models/operations/deletev3eventseventidproductsproductidrequest.md
  - docs/models/operations/deletev3eventseventidproductsproductidvariantsidrequest.md
  - docs/models/operations/deletev3eventsidrequest.md
  - docs/models/operations/deletev3ordersidrequest.md
  - docs/models/operations/deletev3organizationsorganizationidmembersuseridrequest.md
  - docs/models/operations/deletev3organizationsorganizationidmembersuseridrolesrequest.md
  - docs/models/operations/deletev3organizationsorganizationidmembersuseridrolesresponse.md
  - docs/models/operations/deletev3organizationsorganizationidrequest.md
  - docs/models/operations/deletev3registrationsidrequest.md
  - docs/models/operations/getv3certificatesidrequest.md
  - docs/models/operations/getv3certificatesidresponse.md
  - docs/models/operations/getv3eventcollectionsidrequest.md
  - docs/models/operations/getv3eventcollectionsidresponse.md
  - docs/models/operations/getv3eventcollectionsrequest.md
  - docs/models/operations/getv3eventcollectionsresponse.md
  - docs/models/operations/getv3eventidcertificatespreviewrequest.md
  - docs/models/operations/getv3eventidcertificatesrequest.md
  - docs/models/operations/getv3eventseventidproductsproductidvariantsrequest.md
  - docs/models/operations/getv3eventseventidproductsproductidvariantsresponse.md
  - docs/models/operations/getv3eventseventidproductsrequest.md
  - docs/models/operations/getv3eventseventidproductsresponse.md
  - docs/models/operations/getv3eventseventidstatisticsrequest.md
  - docs/models/operations/getv3eventseventidstatisticsresponse.md
  - docs/models/operations/getv3eventsidrequest.md
  - docs/models/operations/getv3eventsrequest.md
  - docs/models/operations/getv3invoicesidrequest.md
  - docs/models/operations/getv3invoicesidresponse.md
  - docs/models/operations/getv3notificationsidrecipientsrequest.md
  - docs/models/operations/getv3notificationsidrequest.md
  - docs/models/operations/getv3notificationsrequest.md
  - docs/models/operations/getv3onlinecoursesidrequest.md
  - docs/models/operations/getv3onlinecoursesidresponse.md
  - docs/models/operations/getv3onlinecoursesrequest.md
  - docs/models/operations/getv3onlinecoursesresponse.md
  - docs/models/operations/getv3ordersidrequest.md
  - docs/models/operations/getv3ordersidresponse.md
  - docs/models/operations/getv3ordersrequest.md
  - docs/models/operations/getv3organizationsorganizationidmembersuseridrolesrequest.md
  - docs/models/operations/getv3organizationsorganizationidmembersuseridrolesresponse.md
  - docs/models/operations/getv3organizationsorganizationidrequest.md
  - docs/models/operations/getv3organizationsorganizationidresponse.md
  - docs/models/operations/getv3organizationsorganizationidsettingsrequest.md
  - docs/models/operations/getv3organizationsorganizationidsettingsresponse.md
  - docs/models/operations/getv3organizationsrequest.md
  - docs/models/operations/getv3organizationsresponse.md
  - docs/models/operations/getv3productsproductidsummaryrequest.md
  - docs/models/operations/getv3productsproductidsummaryresponse.md
  - docs/models/operations/getv3registrationsidordersrequest.md
  - docs/models/operations/getv3registrationsidordersresponse.md
  - docs/models/operations/getv3registrationsidrequest.md
  - docs/models/operations/getv3registrationsidresponse.md
  - docs/models/operations/getv3registrationsrequest.md
  - docs/models/operations/getv3registrationsresponse.md
  - docs/models/operations/getv3userprofilerequest.md
  - docs/models/operations/getv3userprofileresponse.md
  - docs/models/operations/getv3usersidrequest.md
  - docs/models/operations/getv3usersidresponse.md
  - docs/models/operations/getv3usersmerequest.md
  - docs/models/operations/getv3usersmeresponse.md
  - docs/models/operations/getv3usersrequest.md
  - docs/models/operations/getv3usersresponse.md
  - docs/models/operations/patchv3eventsidrequest.md
  - docs/models/operations/patchv3ordersidrequest.md
  - docs/models/operations/patchv3registrationsidrequest.md
  - docs/models/operations/postv3eventcollectionsrequest.md
  - docs/models/operations/postv3eventcollectionsresponse.md
  - docs/models/operations/postv3eventidcertificatesissuerequest.md
  - docs/models/operations/postv3eventidcertificatesupdaterequest.md
  - docs/models/operations/postv3eventseventidproductsproductidvariantsrequest.md
  - docs/models/operations/postv3eventseventidproductsrequest.md
  - docs/models/operations/postv3eventsrequest.md
  - docs/models/operations/postv3invoicesrequest.md
  - docs/models/operations/postv3invoicesresponse.md
  - docs/models/operations/postv3notificationsemailrequest.md
  - docs/models/operations/postv3notificationsemailresponse.md
  - docs/models/operations/postv3notificationssmsrequest.md
  - docs/models/operations/postv3notificationssmsresponse.md
  - docs/models/operations/postv3ordersrequest.md
  - docs/models/operations/postv3organizationsorganizationidmembersuseridrolesrequest.md
  - docs/models/operations/postv3organizationsorganizationidmembersuseridrolesresponse.md
  - docs/models/operations/postv3organizationsorganizationidsettingsrequest.md
  - docs/models/operations/postv3organizationsrequest.md
  - docs/models/operations/postv3organizationsresponse.md
  - docs/models/operations/postv3registrationsidcertificatesendrequest.md
  - docs/models/operations/postv3registrationsidordersrequest.md
  - docs/models/operations/postv3registrationsidproductsrequest.md
  - docs/models/operations/postv3registrationsmeeventidrequest.md
  - docs/models/operations/postv3registrationsmeeventidresponse.md
  - docs/models/operations/postv3registrationsrequest.md
  - docs/models/operations/postv3registrationsresponse.md
  - docs/models/operations/postv3usersrequest.md
  - docs/models/operations/postv3usersresponse.md
  - docs/models/operations/putv3eventcollectionsidrequest.md
  - docs/models/operations/putv3eventcollectionsidresponse.md
  - docs/models/operations/putv3eventseventidcollectionscollectionidrequest.md
  - docs/models/operations/putv3eventseventidproductsproductidrequest.md
  - docs/models/operations/putv3eventsidrequest.md
  - docs/models/operations/putv3ordersidrequest.md
  - docs/models/operations/putv3organizationsorganizationidmembersuseridrequest.md
  - docs/models/operations/putv3organizationsorganizationidrequest.md
  - docs/models/operations/putv3organizationsorganizationidresponse.md
  - docs/models/operations/putv3organizationsorganizationidsettingsrequest.md
  - docs/models/operations/putv3registrationsidrequest.md
  - docs/models/operations/putv3registrationsidresponse.md
  - docs/models/operations/putv3userprofilerequest.md
  - docs/models/operations/putv3userprofileresponse.md
  - docs/models/operations/putv3usersidrequest.md
  - docs/models/operations/putv3usersidresponse.md
  - docs/sdks/certificates/README.md
  - docs/sdks/eventcertificates/README.md
  - docs/sdks/eventcollection/README.md
  - docs/sdks/eventcollectionmapping/README.md
  - docs/sdks/eventproducts/README.md
  - docs/sdks/eventproductvariants/README.md
  - docs/sdks/events/README.md
  - docs/sdks/eventstatistics/README.md
  - docs/sdks/eventurassdk/README.md
  - docs/sdks/invoices/README.md
  - docs/sdks/notificationrecipients/README.md
  - docs/sdks/notifications/README.md
  - docs/sdks/notificationsqueueing/README.md
  - docs/sdks/onlinecourse/README.md
  - docs/sdks/orders/README.md
  - docs/sdks/organizationmemberroles/README.md
  - docs/sdks/organizationmembers/README.md
  - docs/sdks/organizations/README.md
  - docs/sdks/organizationsettings/README.md
  - docs/sdks/products/README.md
  - docs/sdks/registrationcertificate/README.md
  - docs/sdks/registrationorders/README.md
  - docs/sdks/registrations/README.md
  - docs/sdks/userprofile/README.md
  - docs/sdks/users/README.md
  - docs/types/rfcdate.md
  - eslint.config.mjs
  - jsr.json
  - package.json
  - src/core.ts
  - src/funcs/certificatesGetV3CertificatesId.ts
  - src/funcs/eventCertificatesGetV3EventIdCertificates.ts
  - src/funcs/eventCertificatesGetV3EventIdCertificatesPreview.ts
  - src/funcs/eventCertificatesPostV3EventIdCertificatesIssue.ts
  - src/funcs/eventCertificatesPostV3EventIdCertificatesUpdate.ts
  - src/funcs/eventCollectionDeleteV3EventcollectionsId.ts
  - src/funcs/eventCollectionGetV3Eventcollections.ts
  - src/funcs/eventCollectionGetV3EventcollectionsId.ts
  - src/funcs/eventCollectionMappingDeleteV3EventsEventIdCollectionsCollectionId.ts
  - src/funcs/eventCollectionMappingPutV3EventsEventIdCollectionsCollectionId.ts
  - src/funcs/eventCollectionPostV3Eventcollections.ts
  - src/funcs/eventCollectionPutV3EventcollectionsId.ts
  - src/funcs/eventProductVariantsDeleteV3EventsEventIdProductsProductIdVariantsId.ts
  - src/funcs/eventProductVariantsGetV3EventsEventIdProductsProductIdVariants.ts
  - src/funcs/eventProductVariantsPostV3EventsEventIdProductsProductIdVariants.ts
  - src/funcs/eventProductsDeleteV3EventsEventIdProductsProductId.ts
  - src/funcs/eventProductsGetV3EventsEventIdProducts.ts
  - src/funcs/eventProductsPostV3EventsEventIdProducts.ts
  - src/funcs/eventProductsPutV3EventsEventIdProductsProductId.ts
  - src/funcs/eventStatisticsGetV3EventsEventIdStatistics.ts
  - src/funcs/eventsDeleteV3EventsId.ts
  - src/funcs/eventsGetV3Events.ts
  - src/funcs/eventsGetV3EventsId.ts
  - src/funcs/eventsPatchV3EventsId.ts
  - src/funcs/eventsPostV3Events.ts
  - src/funcs/eventsPutV3EventsId.ts
  - src/funcs/invoicesGetV3InvoicesId.ts
  - src/funcs/invoicesPostV3Invoices.ts
  - src/funcs/notificationRecipientsGetV3NotificationsIdRecipients.ts
  - src/funcs/notificationsGetV3Notifications.ts
  - src/funcs/notificationsGetV3NotificationsId.ts
  - src/funcs/notificationsQueueingPostV3NotificationsEmail.ts
  - src/funcs/notificationsQueueingPostV3NotificationsSms.ts
  - src/funcs/onlineCourseGetV3Onlinecourses.ts
  - src/funcs/onlineCourseGetV3OnlinecoursesId.ts
  - src/funcs/ordersDeleteV3OrdersId.ts
  - src/funcs/ordersGetV3Orders.ts
  - src/funcs/ordersGetV3OrdersId.ts
  - src/funcs/ordersPatchV3OrdersId.ts
  - src/funcs/ordersPostV3Orders.ts
  - src/funcs/ordersPutV3OrdersId.ts
  - src/funcs/organizationMemberRolesDeleteV3OrganizationsOrganizationIdMembersUserIdRoles.ts
  - src/funcs/organizationMemberRolesGetV3OrganizationsOrganizationIdMembersUserIdRoles.ts
  - src/funcs/organizationMemberRolesPostV3OrganizationsOrganizationIdMembersUserIdRoles.ts
  - src/funcs/organizationMembersDeleteV3OrganizationsOrganizationIdMembersUserId.ts
  - src/funcs/organizationMembersPutV3OrganizationsOrganizationIdMembersUserId.ts
  - src/funcs/organizationSettingsGetV3OrganizationsOrganizationIdSettings.ts
  - src/funcs/organizationSettingsPostV3OrganizationsOrganizationIdSettings.ts
  - src/funcs/organizationSettingsPutV3OrganizationsOrganizationIdSettings.ts
  - src/funcs/organizationsDeleteV3OrganizationsOrganizationId.ts
  - src/funcs/organizationsGetV3Organizations.ts
  - src/funcs/organizationsGetV3OrganizationsOrganizationId.ts
  - src/funcs/organizationsPostV3Organizations.ts
  - src/funcs/organizationsPutV3OrganizationsOrganizationId.ts
  - src/funcs/productsGetV3ProductsProductIdSummary.ts
  - src/funcs/registrationCertificatePostV3RegistrationsIdCertificateSend.ts
  - src/funcs/registrationOrdersGetV3RegistrationsIdOrders.ts
  - src/funcs/registrationOrdersPostV3RegistrationsIdOrders.ts
  - src/funcs/registrationOrdersPostV3RegistrationsIdProducts.ts
  - src/funcs/registrationsDeleteV3RegistrationsId.ts
  - src/funcs/registrationsGetV3Registrations.ts
  - src/funcs/registrationsGetV3RegistrationsId.ts
  - src/funcs/registrationsPatchV3RegistrationsId.ts
  - src/funcs/registrationsPostV3Registrations.ts
  - src/funcs/registrationsPostV3RegistrationsMeEventId.ts
  - src/funcs/registrationsPutV3RegistrationsId.ts
  - src/funcs/userProfileGetV3Userprofile.ts
  - src/funcs/userProfilePutV3Userprofile.ts
  - src/funcs/usersGetV3Users.ts
  - src/funcs/usersGetV3UsersId.ts
  - src/funcs/usersGetV3UsersMe.ts
  - src/funcs/usersPostV3Users.ts
  - src/funcs/usersPutV3UsersId.ts
  - src/hooks/hooks.ts
  - src/hooks/index.ts
  - src/hooks/types.ts
  - src/index.ts
  - src/lib/base64.ts
  - src/lib/config.ts
  - src/lib/dlv.ts
  - src/lib/encodings.ts
  - src/lib/env.ts
  - src/lib/files.ts
  - src/lib/http.ts
  - src/lib/is-plain-object.ts
  - src/lib/logger.ts
  - src/lib/matchers.ts
  - src/lib/primitives.ts
  - src/lib/retries.ts
  - src/lib/schemas.ts
  - src/lib/sdks.ts
  - src/lib/security.ts
  - src/lib/url.ts
  - src/models/components/byregistrationstatus.ts
  - src/models/components/bystatus.ts
  - src/models/components/bytype.ts
  - src/models/components/certificatedto.ts
  - src/models/components/certificateformat.ts
  - src/models/components/emailnotificationdto.ts
  - src/models/components/eventcollectioncreatedto.ts
  - src/models/components/eventcollectiondto.ts
  - src/models/components/eventcollectiondtopageresponsedto.ts
  - src/models/components/eventdto.ts
  - src/models/components/eventdtopageresponsedto.ts
  - src/models/components/eventformdto.ts
  - src/models/components/eventformdtojsonpatchdocument.ts
  - src/models/components/eventinfooptionsdto.ts
  - src/models/components/eventinforegistrationpolicydto.ts
  - src/models/components/eventinfostatus.ts
  - src/models/components/eventinfotype.ts
  - src/models/components/eventparticipantsfilterdto.ts
  - src/models/components/eventstatisticsdto.ts
  - src/models/components/icontractresolver.ts
  - src/models/components/index.ts
  - src/models/components/instant.ts
  - src/models/components/invoicedto.ts
  - src/models/components/invoicerequestdto.ts
  - src/models/components/neworderrequestdto.ts
  - src/models/components/newproductdto.ts
  - src/models/components/newproductvariantdto.ts
  - src/models/components/newregistrationdto.ts
  - src/models/components/newregistrationorderdto.ts
  - src/models/components/notificationdto.ts
  - src/models/components/notificationlistorder.ts
  - src/models/components/notificationrecipientlistorder.ts
  - src/models/components/notificationstatisticsdto.ts
  - src/models/components/notificationstatus.ts
  - src/models/components/notificationtype.ts
  - src/models/components/onlinecoursedto.ts
  - src/models/components/orderdto.ts
  - src/models/components/orderlinedto.ts
  - src/models/components/orderlinemodel.ts
  - src/models/components/orderstatus.ts
  - src/models/components/orderupdaterequestdto.ts
  - src/models/components/organizationdto.ts
  - src/models/components/organizationformdto.ts
  - src/models/components/organizationmemberdto.ts
  - src/models/components/organizationmemberroledto.ts
  - src/models/components/organizationsettingdto.ts
  - src/models/components/organizationsettingtype.ts
  - src/models/components/organizationsettingvaluedto.ts
  - src/models/components/paymentprovider.ts
  - src/models/components/periodmatchingkind.ts
  - src/models/components/productdeliverysummarydto.ts
  - src/models/components/productdto.ts
  - src/models/components/productformdto.ts
  - src/models/components/productorderdto.ts
  - src/models/components/productorderssummarydto.ts
  - src/models/components/productstatisticsdto.ts
  - src/models/components/productsummarydto.ts
  - src/models/components/productvariantdto.ts
  - src/models/components/productvisibility.ts
  - src/models/components/registrationcustomerinfodto.ts
  - src/models/components/registrationdto.ts
  - src/models/components/registrationdtopageresponsedto.ts
  - src/models/components/registrationstatus.ts
  - src/models/components/registrationtype.ts
  - src/models/components/registrationupdatedto.ts
  - src/models/components/rolerequestdto.ts
  - src/models/components/security.ts
  - src/models/components/smsnotificationdto.ts
  - src/models/components/userdto.ts
  - src/models/components/userdtopageresponsedto.ts
  - src/models/components/userformdto.ts
  - src/models/components/userlistorder.ts
  - src/models/components/usersummarydto.ts
  - src/models/errors/apierror.ts
  - src/models/errors/httpclienterrors.ts
  - src/models/errors/index.ts
  - src/models/errors/sdkvalidationerror.ts
  - src/models/operations/deletev3eventcollectionsid.ts
  - src/models/operations/deletev3eventseventidcollectionscollectionid.ts
  - src/models/operations/deletev3eventseventidproductsproductid.ts
  - src/models/operations/deletev3eventseventidproductsproductidvariantsid.ts
  - src/models/operations/deletev3eventsid.ts
  - src/models/operations/deletev3ordersid.ts
  - src/models/operations/deletev3organizationsorganizationid.ts
  - src/models/operations/deletev3organizationsorganizationidmembersuserid.ts
  - src/models/operations/deletev3organizationsorganizationidmembersuseridroles.ts
  - src/models/operations/deletev3registrationsid.ts
  - src/models/operations/getv3certificatesid.ts
  - src/models/operations/getv3eventcollections.ts
  - src/models/operations/getv3eventcollectionsid.ts
  - src/models/operations/getv3eventidcertificates.ts
  - src/models/operations/getv3eventidcertificatespreview.ts
  - src/models/operations/getv3events.ts
  - src/models/operations/getv3eventseventidproducts.ts
  - src/models/operations/getv3eventseventidproductsproductidvariants.ts
  - src/models/operations/getv3eventseventidstatistics.ts
  - src/models/operations/getv3eventsid.ts
  - src/models/operations/getv3invoicesid.ts
  - src/models/operations/getv3notifications.ts
  - src/models/operations/getv3notificationsid.ts
  - src/models/operations/getv3notificationsidrecipients.ts
  - src/models/operations/getv3onlinecourses.ts
  - src/models/operations/getv3onlinecoursesid.ts
  - src/models/operations/getv3orders.ts
  - src/models/operations/getv3ordersid.ts
  - src/models/operations/getv3organizations.ts
  - src/models/operations/getv3organizationsorganizationid.ts
  - src/models/operations/getv3organizationsorganizationidmembersuseridroles.ts
  - src/models/operations/getv3organizationsorganizationidsettings.ts
  - src/models/operations/getv3productsproductidsummary.ts
  - src/models/operations/getv3registrations.ts
  - src/models/operations/getv3registrationsid.ts
  - src/models/operations/getv3registrationsidorders.ts
  - src/models/operations/getv3userprofile.ts
  - src/models/operations/getv3users.ts
  - src/models/operations/getv3usersid.ts
  - src/models/operations/getv3usersme.ts
  - src/models/operations/index.ts
  - src/models/operations/patchv3eventsid.ts
  - src/models/operations/patchv3ordersid.ts
  - src/models/operations/patchv3registrationsid.ts
  - src/models/operations/postv3eventcollections.ts
  - src/models/operations/postv3eventidcertificatesissue.ts
  - src/models/operations/postv3eventidcertificatesupdate.ts
  - src/models/operations/postv3events.ts
  - src/models/operations/postv3eventseventidproducts.ts
  - src/models/operations/postv3eventseventidproductsproductidvariants.ts
  - src/models/operations/postv3invoices.ts
  - src/models/operations/postv3notificationsemail.ts
  - src/models/operations/postv3notificationssms.ts
  - src/models/operations/postv3orders.ts
  - src/models/operations/postv3organizations.ts
  - src/models/operations/postv3organizationsorganizationidmembersuseridroles.ts
  - src/models/operations/postv3organizationsorganizationidsettings.ts
  - src/models/operations/postv3registrations.ts
  - src/models/operations/postv3registrationsidcertificatesend.ts
  - src/models/operations/postv3registrationsidorders.ts
  - src/models/operations/postv3registrationsidproducts.ts
  - src/models/operations/postv3registrationsmeeventid.ts
  - src/models/operations/postv3users.ts
  - src/models/operations/putv3eventcollectionsid.ts
  - src/models/operations/putv3eventseventidcollectionscollectionid.ts
  - src/models/operations/putv3eventseventidproductsproductid.ts
  - src/models/operations/putv3eventsid.ts
  - src/models/operations/putv3ordersid.ts
  - src/models/operations/putv3organizationsorganizationid.ts
  - src/models/operations/putv3organizationsorganizationidmembersuserid.ts
  - src/models/operations/putv3organizationsorganizationidsettings.ts
  - src/models/operations/putv3registrationsid.ts
  - src/models/operations/putv3userprofile.ts
  - src/models/operations/putv3usersid.ts
  - src/sdk/certificates.ts
  - src/sdk/eventcertificates.ts
  - src/sdk/eventcollection.ts
  - src/sdk/eventcollectionmapping.ts
  - src/sdk/eventproducts.ts
  - src/sdk/eventproductvariants.ts
  - src/sdk/events.ts
  - src/sdk/eventstatistics.ts
  - src/sdk/index.ts
  - src/sdk/invoices.ts
  - src/sdk/notificationrecipients.ts
  - src/sdk/notifications.ts
  - src/sdk/notificationsqueueing.ts
  - src/sdk/onlinecourse.ts
  - src/sdk/orders.ts
  - src/sdk/organizationmemberroles.ts
  - src/sdk/organizationmembers.ts
  - src/sdk/organizations.ts
  - src/sdk/organizationsettings.ts
  - src/sdk/products.ts
  - src/sdk/registrationcertificate.ts
  - src/sdk/registrationorders.ts
  - src/sdk/registrations.ts
  - src/sdk/sdk.ts
  - src/sdk/userprofile.ts
  - src/sdk/users.ts
  - src/types/blobs.ts
  - src/types/constdatetime.ts
  - src/types/enums.ts
  - src/types/fp.ts
  - src/types/index.ts
  - src/types/operations.ts
  - src/types/rfcdate.ts
  - src/types/streams.ts
  - tsconfig.json
examples:
  get_/v3/certificates/{id}:
    speakeasy-default-get-/v3-/certificates/{id}:
      parameters:
        path:
          id: 62194
        query: {}
        header: {}
      responses:
        "200":
          text/plain: "<value>"
          application/json: {}
          text/json: {}
  get_/v3/event/{id}/certificates:
    speakeasy-default-get-/v3-/event/{id}/certificates:
      parameters:
        path:
          id: 746981
        query: {}
        header: {}
  get_/v3/event/{id}/certificates/preview:
    speakeasy-default-get-/v3-/event/{id}/certificates/preview:
      parameters:
        path:
          id: 527755
        header: {}
  post_/v3/event/{id}/certificates/issue:
    speakeasy-default-post-/v3-/event/{id}/certificates/issue:
      parameters:
        path:
          id: 25450
        query:
          send: true
        header: {}
  post_/v3/event/{id}/certificates/update:
    speakeasy-default-post-/v3-/event/{id}/certificates/update:
      parameters:
        path:
          id: 697126
        header: {}
  get_/v3/eventcollections:
    speakeasy-default-get-/v3-/eventcollections:
      responses:
        "200":
          text/plain: "<value>"
          application/json: {}
          text/json: {}
  post_/v3/eventcollections:
    speakeasy-default-post-/v3-/eventcollections:
      responses:
        "200":
          text/plain: "<value>"
          application/json: {"organizationId": 806172, "name": "<value>"}
          text/json: {"organizationId": 506886, "name": "<value>"}
  get_/v3/eventcollections/{id}:
    speakeasy-default-get-/v3-/eventcollections/{id}:
      parameters:
        path:
          id: 163916
        header: {}
      responses:
        "200":
          text/plain: "<value>"
          application/json: {"organizationId": 718987, "name": "<value>"}
          text/json: {"organizationId": 557641, "name": "<value>"}
  put_/v3/eventcollections/{id}:
    speakeasy-default-put-/v3-/eventcollections/{id}:
      parameters:
        path:
          id: 671798
        header: {}
      responses:
        "200":
          text/plain: "<value>"
          application/json: {"organizationId": 432935, "name": "<value>"}
          text/json: {"organizationId": 831665, "name": "<value>"}
  delete_/v3/eventcollections/{id}:
    speakeasy-default-delete-/v3-/eventcollections/{id}:
      parameters:
        path:
          id: 774595
        header: {}
  put_/v3/events/{eventId}/collections/{collectionId}:
    speakeasy-default-put-/v3-/events/{event-id}/collections/{collection-id}:
      parameters:
        path:
          eventId: 509256
          collectionId: 700752
        header: {}
  delete_/v3/events/{eventId}/collections/{collectionId}:
    speakeasy-default-delete-/v3-/events/{event-id}/collections/{collection-id}:
      parameters:
        path:
          eventId: 322812
          collectionId: 365307
        header: {}
  get_/v3/events/{eventId}/products:
    speakeasy-default-get-/v3-/events/{event-id}/products:
      parameters:
        path:
          eventId: 767226
        query: {}
        header: {}
      responses:
        "200":
          text/plain: "<value>"
          application/json: [{}, {}]
          text/json: [{}]
  post_/v3/events/{eventId}/products:
    speakeasy-default-post-/v3-/events/{event-id}/products:
      parameters:
        path:
          eventId: 140469
        header: {}
  put_/v3/events/{eventId}/products/{productId}:
    speakeasy-default-put-/v3-/events/{event-id}/products/{product-id}:
      parameters:
        path:
          eventId: 596228
          productId: 682926
        header: {}
  delete_/v3/events/{eventId}/products/{productId}:
    speakeasy-default-delete-/v3-/events/{event-id}/products/{product-id}:
      parameters:
        path:
          eventId: 763475
          productId: 811645
        header: {}
  get_/v3/events/{eventId}/products/{productId}/variants:
    speakeasy-default-get-/v3-/events/{event-id}/products/{product-id}/variants:
      parameters:
        path:
          eventId: 943237
          productId: 16349
        header: {}
      responses:
        "200":
          text/plain: "<value>"
          application/json: [{}, {}, {}]
          text/json: [{}]
  post_/v3/events/{eventId}/products/{productId}/variants:
    speakeasy-default-post-/v3-/events/{event-id}/products/{product-id}/variants:
      parameters:
        path:
          eventId: 215296
          productId: 117772
        header: {}
  delete_/v3/events/{eventId}/products/{productId}/variants/{id}:
    speakeasy-default-delete-/v3-/events/{event-id}/products/{product-id}/variants/{id}:
      parameters:
        path:
          eventId: 984629
          productId: 803303
          id: 68215
        header: {}
  get_/v3/events:
    speakeasy-default-get-/v3-/events:
      responses:
        "200":
          application/json: {}
  post_/v3/events:
    speakeasy-default-post-/v3-/events:
      responses:
        "200":
          application/json: {}
  get_/v3/events/{id}:
    speakeasy-default-get-/v3-/events/{id}:
      parameters:
        path:
          id: 578438
        header: {}
      responses:
        "200":
          application/json: {}
  put_/v3/events/{id}:
    speakeasy-default-put-/v3-/events/{id}:
      parameters:
        path:
          id: 72528
        header: {}
      responses:
        "200":
          application/json: {}
  patch_/v3/events/{id}:
    speakeasy-default-patch-/v3-/events/{id}:
      parameters:
        path:
          id: 12101
        header: {}
  delete_/v3/events/{id}:
    speakeasy-default-delete-/v3-/events/{id}:
      parameters:
        path:
          id: 962477
        header: {}
  get_/v3/events/{eventId}/statistics:
    speakeasy-default-get-/v3-/events/{event-id}/statistics:
      parameters:
        path:
          eventId: 574255
        header: {}
      responses:
        "200":
          text/plain: "<value>"
          application/json: {}
          text/json: {}
  get_/v3/invoices/{id}:
    speakeasy-default-get-/v3-/invoices/{id}:
      parameters:
        path:
          id: 22100
        header: {}
      responses:
        "200":
          text/plain: "<value>"
          application/json: {}
          text/json: {}
  post_/v3/invoices:
    speakeasy-default-post-/v3-/invoices:
      responses:
        "200":
          text/plain: "<value>"
          application/json: {}
          text/json: {}
  get_/v3/notifications/{id}/recipients:
    speakeasy-default-get-/v3-/notifications/{id}/recipients:
      parameters:
        path:
          id: 202307
        query: {}
        header: {}
  get_/v3/notifications/{id}:
    speakeasy-default-get-/v3-/notifications/{id}:
      parameters:
        path:
          id: 193888
        query:
          includeStatistics: false
        header: {}
  get_/v3/notifications: {}
  post_/v3/notifications/email:
    speakeasy-default-post-/v3-/notifications/email:
      responses:
        "200":
          text/plain: "<value>"
          application/json: {}
          text/json: {}
  post_/v3/notifications/sms:
    speakeasy-default-post-/v3-/notifications/sms:
      responses:
        "200":
          text/plain: "<value>"
          application/json: {}
          text/json: {}
  get_/v3/onlinecourses:
    speakeasy-default-get-/v3-/onlinecourses:
      responses:
        "200":
          text/plain: "<value>"
          application/json: [{}, {}]
          text/json: [{}, {}, {}]
  get_/v3/onlinecourses/{id}:
    speakeasy-default-get-/v3-/onlinecourses/{id}:
      parameters:
        path:
          id: 758531
        header: {}
      responses:
        "200":
          text/plain: "<value>"
          application/json: {}
          text/json: {}
  get_/v3/orders/{id}:
    speakeasy-default-get-/v3-/orders/{id}:
      parameters:
        path:
          id: 841831
        query: {}
        header: {}
      responses:
        "200":
          text/plain: "<value>"
          application/json: {}
          text/json: {}
  patch_/v3/orders/{id}:
    speakeasy-default-patch-/v3-/orders/{id}:
      parameters:
        path:
          id: 228572
        header: {}
  put_/v3/orders/{id}:
    speakeasy-default-put-/v3-/orders/{id}:
      parameters:
        path:
          id: 41567
        header: {}
  delete_/v3/orders/{id}:
    speakeasy-default-delete-/v3-/orders/{id}:
      parameters:
        path:
          id: 901786
        header: {}
  get_/v3/orders: {}
  post_/v3/orders: {}
  get_/v3/organizations/{organizationId}/members/{userId}/roles:
    speakeasy-default-get-/v3-/organizations/{organization-id}/members/{user-id}/roles:
      parameters:
        path:
          organizationId: 329768
          userId: "<id>"
        header: {}
      responses:
        "200":
          text/plain: "<value>"
          application/json: ["<value>"]
          text/json: ["<value>", "<value>", "<value>"]
  post_/v3/organizations/{organizationId}/members/{userId}/roles:
    speakeasy-default-post-/v3-/organizations/{organization-id}/members/{user-id}/roles:
      parameters:
        path:
          organizationId: 337072
          userId: "<id>"
        header: {}
      responses:
        "200":
          text/plain: "<value>"
          application/json: ["<value>"]
          text/json: ["<value>", "<value>"]
  delete_/v3/organizations/{organizationId}/members/{userId}/roles:
    speakeasy-default-delete-/v3-/organizations/{organization-id}/members/{user-id}/roles:
      parameters:
        path:
          organizationId: 292571
          userId: "<id>"
        header: {}
      responses:
        "200":
          text/plain: "<value>"
          application/json: ["<value>", "<value>"]
          text/json: ["<value>", "<value>", "<value>"]
  put_/v3/organizations/{organizationId}/members/{userId}:
    speakeasy-default-put-/v3-/organizations/{organization-id}/members/{user-id}:
      parameters:
        path:
          organizationId: 263274
          userId: "<id>"
        header: {}
  delete_/v3/organizations/{organizationId}/members/{userId}:
    speakeasy-default-delete-/v3-/organizations/{organization-id}/members/{user-id}:
      parameters:
        path:
          organizationId: 823647
          userId: "<id>"
        header: {}
  get_/v3/organizations:
    speakeasy-default-get-/v3-/organizations:
      responses:
        "200":
          text/plain: "<value>"
          application/json: [{}, {}]
          text/json: [{}, {}]
  post_/v3/organizations:
    speakeasy-default-post-/v3-/organizations:
      responses:
        "200":
          text/plain: "<value>"
          application/json: {}
          text/json: {}
  get_/v3/organizations/{organizationId}:
    speakeasy-default-get-/v3-/organizations/{organization-id}:
      parameters:
        path:
          organizationId: 327160
        header: {}
      responses:
        "200":
          text/plain: "<value>"
          application/json: {}
          text/json: {}
  put_/v3/organizations/{organizationId}:
    speakeasy-default-put-/v3-/organizations/{organization-id}:
      parameters:
        path:
          organizationId: 108738
        header: {}
      responses:
        "200":
          text/plain: "<value>"
          application/json: {}
          text/json: {}
  delete_/v3/organizations/{organizationId}:
    speakeasy-default-delete-/v3-/organizations/{organization-id}:
      parameters:
        path:
          organizationId: 635632
        header: {}
  get_/v3/organizations/{organizationId}/settings:
    speakeasy-default-get-/v3-/organizations/{organization-id}/settings:
      parameters:
        path:
          organizationId: 953243
        header: {}
      responses:
        "200":
          text/plain: "<value>"
          application/json: [{}, {}]
          text/json: [{}, {}, {}]
  put_/v3/organizations/{organizationId}/settings:
    speakeasy-default-put-/v3-/organizations/{organization-id}/settings:
      parameters:
        path:
          organizationId: 830600
        header: {}
  post_/v3/organizations/{organizationId}/settings:
    speakeasy-default-post-/v3-/organizations/{organization-id}/settings:
      parameters:
        path:
          organizationId: 695728
        header: {}
      requestBody:
        application/json: [{"name": "<value>"}, {"name": "<value>"}, {"name": "<value>"}]
        text/json: [{"name": "<value>"}, {"name": "<value>"}, {"name": "<value>"}]
        application/*+json: [{"name": "<value>"}, {"name": "<value>"}, {"name": "<value>"}]
  get_/v3/products/{productId}/summary:
    speakeasy-default-get-/v3-/products/{product-id}/summary:
      parameters:
        path:
          productId: 653493
        header: {}
      responses:
        "200":
          text/plain: "<value>"
          application/json: {}
          text/json: {}
  post_/v3/registrations/{id}/certificate/send:
    speakeasy-default-post-/v3-/registrations/{id}/certificate/send:
      parameters:
        path:
          id: 246381
        header: {}
  get_/v3/registrations/{id}/orders:
    speakeasy-default-get-/v3-/registrations/{id}/orders:
      parameters:
        path:
          id: 976631
        header: {}
      responses:
        "200":
          text/plain: "<value>"
          application/json: [{}, {}, {}]
          text/json: [{}, {}]
  post_/v3/registrations/{id}/orders:
    speakeasy-default-post-/v3-/registrations/{id}/orders:
      parameters:
        path:
          id: 588967
        header: {}
  post_/v3/registrations/{id}/products:
    speakeasy-default-post-/v3-/registrations/{id}/products:
      parameters:
        path:
          id: 532930
        header: {}
  get_/v3/registrations:
    speakeasy-default-get-/v3-/registrations:
      responses:
        "200":
          text/plain: "<value>"
          application/json: {}
          text/json: {}
  post_/v3/registrations:
    speakeasy-default-post-/v3-/registrations:
      responses:
        "200":
          text/plain: "<value>"
          application/json: {}
          text/json: {}
  get_/v3/registrations/{id}:
    speakeasy-default-get-/v3-/registrations/{id}:
      parameters:
        path:
          id: 166279
        query: {}
        header: {}
      responses:
        "200":
          text/plain: "<value>"
          application/json: {}
          text/json: {}
  put_/v3/registrations/{id}:
    speakeasy-default-put-/v3-/registrations/{id}:
      parameters:
        path:
          id: 925215
        header: {}
      responses:
        "200":
          text/plain: "<value>"
          application/json: {}
          text/json: {}
  patch_/v3/registrations/{id}:
    speakeasy-default-patch-/v3-/registrations/{id}:
      parameters:
        path:
          id: 726380
        header: {}
  delete_/v3/registrations/{id}:
    speakeasy-default-delete-/v3-/registrations/{id}:
      parameters:
        path:
          id: 82536
        header: {}
  post_/v3/registrations/me/{eventId}:
    speakeasy-default-post-/v3-/registrations/me/{event-id}:
      parameters:
        path:
          eventId: 46514
        query: {}
        header: {}
      responses:
        "200":
          text/plain: "<value>"
          application/json: {}
          text/json: {}
  get_/v3/userprofile:
    speakeasy-default-get-/v3-/userprofile:
      responses:
        "200":
          text/plain: "<value>"
          application/json: {}
          text/json: {}
  put_/v3/userprofile:
    speakeasy-default-put-/v3-/userprofile:
      responses:
        "200":
          text/plain: "<value>"
          application/json: {}
          text/json: {}
  get_/v3/users/me:
    speakeasy-default-get-/v3-/users/me:
      responses:
        "200":
          text/plain: "<value>"
          application/json: {}
          text/json: {}
  get_/v3/users/{id}:
    speakeasy-default-get-/v3-/users/{id}:
      parameters:
        path:
          id: "<id>"
        header: {}
      responses:
        "200":
          text/plain: "<value>"
          application/json: {}
          text/json: {}
  put_/v3/users/{id}:
    speakeasy-default-put-/v3-/users/{id}:
      parameters:
        path:
          id: "<id>"
        header: {}
      responses:
        "200":
          text/plain: "<value>"
          application/json: {}
          text/json: {}
  get_/v3/users:
    speakeasy-default-get-/v3-/users:
      responses:
        "200":
          text/plain: "<value>"
          application/json: {}
          text/json: {}
  post_/v3/users:
    speakeasy-default-post-/v3-/users:
      responses:
        "200":
          text/plain: "<value>"
          application/json: {}
          text/json: {}
examplesVersion: 1.0.0
generatedTests: {}
