Microsoft Visual Studio Solution File, Format Version 12.00
# Visual Studio Version 17
VisualStudioVersion = 17.7.34202.233
MinimumVisualStudioVersion = 15.0.26124.0
Project("{2150E333-8FDC-42A3-9474-1A3956D46DE8}") = "src", "src", "{B280334D-A924-4F2E-9AF3-BA7566335FB0}"
	ProjectSection(SolutionItems) = preProject
		.editorconfig = ../../.editorconfig
	EndProjectSection
EndProject
Project("{9A19103F-16F7-4668-BE54-9A1E7A4F7556}") = "Eventuras.Domain", "src\Eventuras.Domain\Eventuras.Domain.csproj", "{66551447-8E30-46C6-ABFA-7147EC6FFAA6}"
EndProject
Project("{9A19103F-16F7-4668-BE54-9A1E7A4F7556}") = "Eventuras.Infrastructure", "src\Eventuras.Infrastructure\Eventuras.Infrastructure.csproj", "{4FFBEE34-716C-48CF-A610-214F5507E50D}"
EndProject
Project("{9A19103F-16F7-4668-BE54-9A1E7A4F7556}") = "Eventuras.Services", "src\Eventuras.Services\Eventuras.Services.csproj", "{F1896EAE-D9DE-40CB-A1B0-438F5281CD7F}"
EndProject
Project("{9A19103F-16F7-4668-BE54-9A1E7A4F7556}") = "Eventuras.Services.Converto", "src\Eventuras.Services.Converto\Eventuras.Services.Converto.csproj", "{EADB8A20-179B-4092-A338-058F61D7487A}"
EndProject
Project("{2150E333-8FDC-42A3-9474-1A3956D46DE8}") = "tests", "tests", "{DBDA05E0-4065-4C83-8C2B-29C1A77BFA98}"
EndProject
Project("{9A19103F-16F7-4668-BE54-9A1E7A4F7556}") = "Eventuras.UnitTests", "tests\Eventuras.UnitTests\Eventuras.UnitTests.csproj", "{99FFFC5B-69E5-44B9-B0B6-BF74E664EFC6}"
EndProject
Project("{9A19103F-16F7-4668-BE54-9A1E7A4F7556}") = "Eventuras.Services.Converto.Tests", "tests\Eventuras.Services.Converto.Tests\Eventuras.Services.Converto.Tests.csproj", "{D71150B9-59E2-4723-81FD-9074261172DD}"
EndProject
Project("{9A19103F-16F7-4668-BE54-9A1E7A4F7556}") = "Eventuras.TestAbstractions", "tests\Eventuras.TestAbstractions\Eventuras.TestAbstractions.csproj", "{D5E8C294-C317-42CB-96E4-33D64B0CA846}"
EndProject
Project("{9A19103F-16F7-4668-BE54-9A1E7A4F7556}") = "Eventuras.WebApi", "src\Eventuras.WebApi\Eventuras.WebApi.csproj", "{8B8EC21D-A64F-402B-829A-E1E9187EE5A5}"
EndProject
Project("{9A19103F-16F7-4668-BE54-9A1E7A4F7556}") = "Eventuras.WebApi.Tests", "tests\Eventuras.WebApi.Tests\Eventuras.WebApi.Tests.csproj", "{E1A9972C-62ED-4468-89ED-CFD928974C8A}"
EndProject
Project("{9A19103F-16F7-4668-BE54-9A1E7A4F7556}") = "Eventuras.Services.PowerOffice", "src\Eventuras.Services.PowerOffice\Eventuras.Services.PowerOffice.csproj", "{4CE167A4-1CC3-4652-A61B-05F1D2C300C4}"
EndProject
Project("{9A19103F-16F7-4668-BE54-9A1E7A4F7556}") = "Eventuras.Services.Stripe", "src\Eventuras.Services.Stripe\Eventuras.Services.Stripe.csproj", "{BED0F767-B5EB-4F98-A319-6A5185CFF159}"
EndProject
Project("{9A19103F-16F7-4668-BE54-9A1E7A4F7556}") = "Eventuras.Services.Tests", "tests\Eventuras.Services.Tests\Eventuras.Services.Tests.csproj", "{C7246369-B72F-4C6E-951A-63E86676E1ED}"
EndProject
Project("{9A19103F-16F7-4668-BE54-9A1E7A4F7556}") = "Eventuras.Services.SendGrid", "src\Eventuras.Services.SendGrid\Eventuras.Services.SendGrid.csproj", "{4C9A2C86-6649-48D8-8335-F7BC3E12C9A3}"
EndProject
Project("{9A19103F-16F7-4668-BE54-9A1E7A4F7556}") = "Eventuras.Services.Smtp", "src\Eventuras.Services.Smtp\Eventuras.Services.Smtp.csproj", "{C5EF41F1-0631-470F-8B88-71D87D68B853}"
EndProject
Project("{9A19103F-16F7-4668-BE54-9A1E7A4F7556}") = "Eventuras.Services.Twilio", "src\Eventuras.Services.Twilio\Eventuras.Services.Twilio.csproj", "{8DEB813B-1AF5-479E-9227-0932F53F7047}"
EndProject
Project("{FAE04EC0-301F-11D3-BF4B-00C04F79EFBC}") = "Losol.Communication.Sms", "src\Losol.Communication.Sms\Losol.Communication.Sms.csproj", "{C5F812C9-14D6-4574-A7B9-21A042682513}"
EndProject
Project("{FAE04EC0-301F-11D3-BF4B-00C04F79EFBC}") = "Losol.Communication.Email", "src\Losol.Communication.Email\Losol.Communication.Email.csproj", "{981DD910-C014-464B-9876-F60AE3602661}"
EndProject
Project("{FAE04EC0-301F-11D3-BF4B-00C04F79EFBC}") = "Losol.Communication.HealthCheck", "src\Losol.Communication.HealthCheck\Losol.Communication.HealthCheck.csproj", "{725F6F43-F74C-4736-82D1-0B08EDC345A6}"
EndProject
Global
	GlobalSection(SolutionConfigurationPlatforms) = preSolution
		Debug|Any CPU = Debug|Any CPU
		Debug|x64 = Debug|x64
		Debug|x86 = Debug|x86
		Release|Any CPU = Release|Any CPU
		Release|x64 = Release|x64
		Release|x86 = Release|x86
	EndGlobalSection
	GlobalSection(ProjectConfigurationPlatforms) = postSolution
		{66551447-8E30-46C6-ABFA-7147EC6FFAA6}.Debug|Any CPU.ActiveCfg = Debug|Any CPU
		{66551447-8E30-46C6-ABFA-7147EC6FFAA6}.Debug|Any CPU.Build.0 = Debug|Any CPU
		{66551447-8E30-46C6-ABFA-7147EC6FFAA6}.Debug|x64.ActiveCfg = Debug|Any CPU
		{66551447-8E30-46C6-ABFA-7147EC6FFAA6}.Debug|x64.Build.0 = Debug|Any CPU
		{66551447-8E30-46C6-ABFA-7147EC6FFAA6}.Debug|x86.ActiveCfg = Debug|Any CPU
		{66551447-8E30-46C6-ABFA-7147EC6FFAA6}.Debug|x86.Build.0 = Debug|Any CPU
		{66551447-8E30-46C6-ABFA-7147EC6FFAA6}.Release|Any CPU.ActiveCfg = Release|Any CPU
		{66551447-8E30-46C6-ABFA-7147EC6FFAA6}.Release|Any CPU.Build.0 = Release|Any CPU
		{66551447-8E30-46C6-ABFA-7147EC6FFAA6}.Release|x64.ActiveCfg = Release|Any CPU
		{66551447-8E30-46C6-ABFA-7147EC6FFAA6}.Release|x64.Build.0 = Release|Any CPU
		{66551447-8E30-46C6-ABFA-7147EC6FFAA6}.Release|x86.ActiveCfg = Release|Any CPU
		{66551447-8E30-46C6-ABFA-7147EC6FFAA6}.Release|x86.Build.0 = Release|Any CPU
		{4FFBEE34-716C-48CF-A610-214F5507E50D}.Debug|Any CPU.ActiveCfg = Debug|Any CPU
		{4FFBEE34-716C-48CF-A610-214F5507E50D}.Debug|Any CPU.Build.0 = Debug|Any CPU
		{4FFBEE34-716C-48CF-A610-214F5507E50D}.Debug|x64.ActiveCfg = Debug|Any CPU
		{4FFBEE34-716C-48CF-A610-214F5507E50D}.Debug|x64.Build.0 = Debug|Any CPU
		{4FFBEE34-716C-48CF-A610-214F5507E50D}.Debug|x86.ActiveCfg = Debug|Any CPU
		{4FFBEE34-716C-48CF-A610-214F5507E50D}.Debug|x86.Build.0 = Debug|Any CPU
		{4FFBEE34-716C-48CF-A610-214F5507E50D}.Release|Any CPU.ActiveCfg = Release|Any CPU
		{4FFBEE34-716C-48CF-A610-214F5507E50D}.Release|Any CPU.Build.0 = Release|Any CPU
		{4FFBEE34-716C-48CF-A610-214F5507E50D}.Release|x64.ActiveCfg = Release|Any CPU
		{4FFBEE34-716C-48CF-A610-214F5507E50D}.Release|x64.Build.0 = Release|Any CPU
		{4FFBEE34-716C-48CF-A610-214F5507E50D}.Release|x86.ActiveCfg = Release|Any CPU
		{4FFBEE34-716C-48CF-A610-214F5507E50D}.Release|x86.Build.0 = Release|Any CPU
		{F1896EAE-D9DE-40CB-A1B0-438F5281CD7F}.Debug|Any CPU.ActiveCfg = Debug|Any CPU
		{F1896EAE-D9DE-40CB-A1B0-438F5281CD7F}.Debug|Any CPU.Build.0 = Debug|Any CPU
		{F1896EAE-D9DE-40CB-A1B0-438F5281CD7F}.Debug|x64.ActiveCfg = Debug|Any CPU
		{F1896EAE-D9DE-40CB-A1B0-438F5281CD7F}.Debug|x64.Build.0 = Debug|Any CPU
		{F1896EAE-D9DE-40CB-A1B0-438F5281CD7F}.Debug|x86.ActiveCfg = Debug|Any CPU
		{F1896EAE-D9DE-40CB-A1B0-438F5281CD7F}.Debug|x86.Build.0 = Debug|Any CPU
		{F1896EAE-D9DE-40CB-A1B0-438F5281CD7F}.Release|Any CPU.ActiveCfg = Release|Any CPU
		{F1896EAE-D9DE-40CB-A1B0-438F5281CD7F}.Release|Any CPU.Build.0 = Release|Any CPU
		{F1896EAE-D9DE-40CB-A1B0-438F5281CD7F}.Release|x64.ActiveCfg = Release|Any CPU
		{F1896EAE-D9DE-40CB-A1B0-438F5281CD7F}.Release|x64.Build.0 = Release|Any CPU
		{F1896EAE-D9DE-40CB-A1B0-438F5281CD7F}.Release|x86.ActiveCfg = Release|Any CPU
		{F1896EAE-D9DE-40CB-A1B0-438F5281CD7F}.Release|x86.Build.0 = Release|Any CPU
		{EADB8A20-179B-4092-A338-058F61D7487A}.Debug|Any CPU.ActiveCfg = Debug|Any CPU
		{EADB8A20-179B-4092-A338-058F61D7487A}.Debug|Any CPU.Build.0 = Debug|Any CPU
		{EADB8A20-179B-4092-A338-058F61D7487A}.Debug|x64.ActiveCfg = Debug|Any CPU
		{EADB8A20-179B-4092-A338-058F61D7487A}.Debug|x64.Build.0 = Debug|Any CPU
		{EADB8A20-179B-4092-A338-058F61D7487A}.Debug|x86.ActiveCfg = Debug|Any CPU
		{EADB8A20-179B-4092-A338-058F61D7487A}.Debug|x86.Build.0 = Debug|Any CPU
		{EADB8A20-179B-4092-A338-058F61D7487A}.Release|Any CPU.ActiveCfg = Release|Any CPU
		{EADB8A20-179B-4092-A338-058F61D7487A}.Release|Any CPU.Build.0 = Release|Any CPU
		{EADB8A20-179B-4092-A338-058F61D7487A}.Release|x64.ActiveCfg = Release|Any CPU
		{EADB8A20-179B-4092-A338-058F61D7487A}.Release|x64.Build.0 = Release|Any CPU
		{EADB8A20-179B-4092-A338-058F61D7487A}.Release|x86.ActiveCfg = Release|Any CPU
		{EADB8A20-179B-4092-A338-058F61D7487A}.Release|x86.Build.0 = Release|Any CPU
		{99FFFC5B-69E5-44B9-B0B6-BF74E664EFC6}.Debug|Any CPU.ActiveCfg = Debug|Any CPU
		{99FFFC5B-69E5-44B9-B0B6-BF74E664EFC6}.Debug|Any CPU.Build.0 = Debug|Any CPU
		{99FFFC5B-69E5-44B9-B0B6-BF74E664EFC6}.Debug|x64.ActiveCfg = Debug|Any CPU
		{99FFFC5B-69E5-44B9-B0B6-BF74E664EFC6}.Debug|x64.Build.0 = Debug|Any CPU
		{99FFFC5B-69E5-44B9-B0B6-BF74E664EFC6}.Debug|x86.ActiveCfg = Debug|Any CPU
		{99FFFC5B-69E5-44B9-B0B6-BF74E664EFC6}.Debug|x86.Build.0 = Debug|Any CPU
		{99FFFC5B-69E5-44B9-B0B6-BF74E664EFC6}.Release|Any CPU.ActiveCfg = Release|Any CPU
		{99FFFC5B-69E5-44B9-B0B6-BF74E664EFC6}.Release|Any CPU.Build.0 = Release|Any CPU
		{99FFFC5B-69E5-44B9-B0B6-BF74E664EFC6}.Release|x64.ActiveCfg = Release|Any CPU
		{99FFFC5B-69E5-44B9-B0B6-BF74E664EFC6}.Release|x64.Build.0 = Release|Any CPU
		{99FFFC5B-69E5-44B9-B0B6-BF74E664EFC6}.Release|x86.ActiveCfg = Release|Any CPU
		{99FFFC5B-69E5-44B9-B0B6-BF74E664EFC6}.Release|x86.Build.0 = Release|Any CPU
		{D71150B9-59E2-4723-81FD-9074261172DD}.Debug|Any CPU.ActiveCfg = Debug|Any CPU
		{D71150B9-59E2-4723-81FD-9074261172DD}.Debug|Any CPU.Build.0 = Debug|Any CPU
		{D71150B9-59E2-4723-81FD-9074261172DD}.Debug|x64.ActiveCfg = Debug|Any CPU
		{D71150B9-59E2-4723-81FD-9074261172DD}.Debug|x64.Build.0 = Debug|Any CPU
		{D71150B9-59E2-4723-81FD-9074261172DD}.Debug|x86.ActiveCfg = Debug|Any CPU
		{D71150B9-59E2-4723-81FD-9074261172DD}.Debug|x86.Build.0 = Debug|Any CPU
		{D71150B9-59E2-4723-81FD-9074261172DD}.Release|Any CPU.ActiveCfg = Release|Any CPU
		{D71150B9-59E2-4723-81FD-9074261172DD}.Release|Any CPU.Build.0 = Release|Any CPU
		{D71150B9-59E2-4723-81FD-9074261172DD}.Release|x64.ActiveCfg = Release|Any CPU
		{D71150B9-59E2-4723-81FD-9074261172DD}.Release|x64.Build.0 = Release|Any CPU
		{D71150B9-59E2-4723-81FD-9074261172DD}.Release|x86.ActiveCfg = Release|Any CPU
		{D71150B9-59E2-4723-81FD-9074261172DD}.Release|x86.Build.0 = Release|Any CPU
		{D5E8C294-C317-42CB-96E4-33D64B0CA846}.Debug|Any CPU.ActiveCfg = Debug|Any CPU
		{D5E8C294-C317-42CB-96E4-33D64B0CA846}.Debug|Any CPU.Build.0 = Debug|Any CPU
		{D5E8C294-C317-42CB-96E4-33D64B0CA846}.Debug|x64.ActiveCfg = Debug|Any CPU
		{D5E8C294-C317-42CB-96E4-33D64B0CA846}.Debug|x64.Build.0 = Debug|Any CPU
		{D5E8C294-C317-42CB-96E4-33D64B0CA846}.Debug|x86.ActiveCfg = Debug|Any CPU
		{D5E8C294-C317-42CB-96E4-33D64B0CA846}.Debug|x86.Build.0 = Debug|Any CPU
		{D5E8C294-C317-42CB-96E4-33D64B0CA846}.Release|Any CPU.ActiveCfg = Release|Any CPU
		{D5E8C294-C317-42CB-96E4-33D64B0CA846}.Release|Any CPU.Build.0 = Release|Any CPU
		{D5E8C294-C317-42CB-96E4-33D64B0CA846}.Release|x64.ActiveCfg = Release|Any CPU
		{D5E8C294-C317-42CB-96E4-33D64B0CA846}.Release|x64.Build.0 = Release|Any CPU
		{D5E8C294-C317-42CB-96E4-33D64B0CA846}.Release|x86.ActiveCfg = Release|Any CPU
		{D5E8C294-C317-42CB-96E4-33D64B0CA846}.Release|x86.Build.0 = Release|Any CPU
		{8B8EC21D-A64F-402B-829A-E1E9187EE5A5}.Debug|Any CPU.ActiveCfg = Debug|Any CPU
		{8B8EC21D-A64F-402B-829A-E1E9187EE5A5}.Debug|Any CPU.Build.0 = Debug|Any CPU
		{8B8EC21D-A64F-402B-829A-E1E9187EE5A5}.Debug|x64.ActiveCfg = Debug|Any CPU
		{8B8EC21D-A64F-402B-829A-E1E9187EE5A5}.Debug|x64.Build.0 = Debug|Any CPU
		{8B8EC21D-A64F-402B-829A-E1E9187EE5A5}.Debug|x86.ActiveCfg = Debug|Any CPU
		{8B8EC21D-A64F-402B-829A-E1E9187EE5A5}.Debug|x86.Build.0 = Debug|Any CPU
		{8B8EC21D-A64F-402B-829A-E1E9187EE5A5}.Release|Any CPU.ActiveCfg = Release|Any CPU
		{8B8EC21D-A64F-402B-829A-E1E9187EE5A5}.Release|Any CPU.Build.0 = Release|Any CPU
		{8B8EC21D-A64F-402B-829A-E1E9187EE5A5}.Release|x64.ActiveCfg = Release|Any CPU
		{8B8EC21D-A64F-402B-829A-E1E9187EE5A5}.Release|x64.Build.0 = Release|Any CPU
		{8B8EC21D-A64F-402B-829A-E1E9187EE5A5}.Release|x86.ActiveCfg = Release|Any CPU
		{8B8EC21D-A64F-402B-829A-E1E9187EE5A5}.Release|x86.Build.0 = Release|Any CPU
		{E1A9972C-62ED-4468-89ED-CFD928974C8A}.Debug|Any CPU.ActiveCfg = Debug|Any CPU
		{E1A9972C-62ED-4468-89ED-CFD928974C8A}.Debug|Any CPU.Build.0 = Debug|Any CPU
		{E1A9972C-62ED-4468-89ED-CFD928974C8A}.Debug|x64.ActiveCfg = Debug|Any CPU
		{E1A9972C-62ED-4468-89ED-CFD928974C8A}.Debug|x64.Build.0 = Debug|Any CPU
		{E1A9972C-62ED-4468-89ED-CFD928974C8A}.Debug|x86.ActiveCfg = Debug|Any CPU
		{E1A9972C-62ED-4468-89ED-CFD928974C8A}.Debug|x86.Build.0 = Debug|Any CPU
		{E1A9972C-62ED-4468-89ED-CFD928974C8A}.Release|Any CPU.ActiveCfg = Release|Any CPU
		{E1A9972C-62ED-4468-89ED-CFD928974C8A}.Release|Any CPU.Build.0 = Release|Any CPU
		{E1A9972C-62ED-4468-89ED-CFD928974C8A}.Release|x64.ActiveCfg = Release|Any CPU
		{E1A9972C-62ED-4468-89ED-CFD928974C8A}.Release|x64.Build.0 = Release|Any CPU
		{E1A9972C-62ED-4468-89ED-CFD928974C8A}.Release|x86.ActiveCfg = Release|Any CPU
		{E1A9972C-62ED-4468-89ED-CFD928974C8A}.Release|x86.Build.0 = Release|Any CPU
		{4CE167A4-1CC3-4652-A61B-05F1D2C300C4}.Debug|Any CPU.ActiveCfg = Debug|Any CPU
		{4CE167A4-1CC3-4652-A61B-05F1D2C300C4}.Debug|Any CPU.Build.0 = Debug|Any CPU
		{4CE167A4-1CC3-4652-A61B-05F1D2C300C4}.Debug|x64.ActiveCfg = Debug|Any CPU
		{4CE167A4-1CC3-4652-A61B-05F1D2C300C4}.Debug|x64.Build.0 = Debug|Any CPU
		{4CE167A4-1CC3-4652-A61B-05F1D2C300C4}.Debug|x86.ActiveCfg = Debug|Any CPU
		{4CE167A4-1CC3-4652-A61B-05F1D2C300C4}.Debug|x86.Build.0 = Debug|Any CPU
		{4CE167A4-1CC3-4652-A61B-05F1D2C300C4}.Release|Any CPU.ActiveCfg = Release|Any CPU
		{4CE167A4-1CC3-4652-A61B-05F1D2C300C4}.Release|Any CPU.Build.0 = Release|Any CPU
		{4CE167A4-1CC3-4652-A61B-05F1D2C300C4}.Release|x64.ActiveCfg = Release|Any CPU
		{4CE167A4-1CC3-4652-A61B-05F1D2C300C4}.Release|x64.Build.0 = Release|Any CPU
		{4CE167A4-1CC3-4652-A61B-05F1D2C300C4}.Release|x86.ActiveCfg = Release|Any CPU
		{4CE167A4-1CC3-4652-A61B-05F1D2C300C4}.Release|x86.Build.0 = Release|Any CPU
		{BED0F767-B5EB-4F98-A319-6A5185CFF159}.Debug|Any CPU.ActiveCfg = Debug|Any CPU
		{BED0F767-B5EB-4F98-A319-6A5185CFF159}.Debug|Any CPU.Build.0 = Debug|Any CPU
		{BED0F767-B5EB-4F98-A319-6A5185CFF159}.Debug|x64.ActiveCfg = Debug|Any CPU
		{BED0F767-B5EB-4F98-A319-6A5185CFF159}.Debug|x64.Build.0 = Debug|Any CPU
		{BED0F767-B5EB-4F98-A319-6A5185CFF159}.Debug|x86.ActiveCfg = Debug|Any CPU
		{BED0F767-B5EB-4F98-A319-6A5185CFF159}.Debug|x86.Build.0 = Debug|Any CPU
		{BED0F767-B5EB-4F98-A319-6A5185CFF159}.Release|Any CPU.ActiveCfg = Release|Any CPU
		{BED0F767-B5EB-4F98-A319-6A5185CFF159}.Release|Any CPU.Build.0 = Release|Any CPU
		{BED0F767-B5EB-4F98-A319-6A5185CFF159}.Release|x64.ActiveCfg = Release|Any CPU
		{BED0F767-B5EB-4F98-A319-6A5185CFF159}.Release|x64.Build.0 = Release|Any CPU
		{BED0F767-B5EB-4F98-A319-6A5185CFF159}.Release|x86.ActiveCfg = Release|Any CPU
		{BED0F767-B5EB-4F98-A319-6A5185CFF159}.Release|x86.Build.0 = Release|Any CPU
		{C7246369-B72F-4C6E-951A-63E86676E1ED}.Debug|Any CPU.ActiveCfg = Debug|Any CPU
		{C7246369-B72F-4C6E-951A-63E86676E1ED}.Debug|Any CPU.Build.0 = Debug|Any CPU
		{C7246369-B72F-4C6E-951A-63E86676E1ED}.Debug|x64.ActiveCfg = Debug|Any CPU
		{C7246369-B72F-4C6E-951A-63E86676E1ED}.Debug|x64.Build.0 = Debug|Any CPU
		{C7246369-B72F-4C6E-951A-63E86676E1ED}.Debug|x86.ActiveCfg = Debug|Any CPU
		{C7246369-B72F-4C6E-951A-63E86676E1ED}.Debug|x86.Build.0 = Debug|Any CPU
		{C7246369-B72F-4C6E-951A-63E86676E1ED}.Release|Any CPU.ActiveCfg = Release|Any CPU
		{C7246369-B72F-4C6E-951A-63E86676E1ED}.Release|Any CPU.Build.0 = Release|Any CPU
		{C7246369-B72F-4C6E-951A-63E86676E1ED}.Release|x64.ActiveCfg = Release|Any CPU
		{C7246369-B72F-4C6E-951A-63E86676E1ED}.Release|x64.Build.0 = Release|Any CPU
		{C7246369-B72F-4C6E-951A-63E86676E1ED}.Release|x86.ActiveCfg = Release|Any CPU
		{C7246369-B72F-4C6E-951A-63E86676E1ED}.Release|x86.Build.0 = Release|Any CPU
		{4C9A2C86-6649-48D8-8335-F7BC3E12C9A3}.Debug|Any CPU.ActiveCfg = Debug|Any CPU
		{4C9A2C86-6649-48D8-8335-F7BC3E12C9A3}.Debug|Any CPU.Build.0 = Debug|Any CPU
		{4C9A2C86-6649-48D8-8335-F7BC3E12C9A3}.Debug|x64.ActiveCfg = Debug|Any CPU
		{4C9A2C86-6649-48D8-8335-F7BC3E12C9A3}.Debug|x64.Build.0 = Debug|Any CPU
		{4C9A2C86-6649-48D8-8335-F7BC3E12C9A3}.Debug|x86.ActiveCfg = Debug|Any CPU
		{4C9A2C86-6649-48D8-8335-F7BC3E12C9A3}.Debug|x86.Build.0 = Debug|Any CPU
		{4C9A2C86-6649-48D8-8335-F7BC3E12C9A3}.Release|Any CPU.ActiveCfg = Release|Any CPU
		{4C9A2C86-6649-48D8-8335-F7BC3E12C9A3}.Release|Any CPU.Build.0 = Release|Any CPU
		{4C9A2C86-6649-48D8-8335-F7BC3E12C9A3}.Release|x64.ActiveCfg = Release|Any CPU
		{4C9A2C86-6649-48D8-8335-F7BC3E12C9A3}.Release|x64.Build.0 = Release|Any CPU
		{4C9A2C86-6649-48D8-8335-F7BC3E12C9A3}.Release|x86.ActiveCfg = Release|Any CPU
		{4C9A2C86-6649-48D8-8335-F7BC3E12C9A3}.Release|x86.Build.0 = Release|Any CPU
		{C5EF41F1-0631-470F-8B88-71D87D68B853}.Debug|Any CPU.ActiveCfg = Debug|Any CPU
		{C5EF41F1-0631-470F-8B88-71D87D68B853}.Debug|Any CPU.Build.0 = Debug|Any CPU
		{C5EF41F1-0631-470F-8B88-71D87D68B853}.Debug|x64.ActiveCfg = Debug|Any CPU
		{C5EF41F1-0631-470F-8B88-71D87D68B853}.Debug|x64.Build.0 = Debug|Any CPU
		{C5EF41F1-0631-470F-8B88-71D87D68B853}.Debug|x86.ActiveCfg = Debug|Any CPU
		{C5EF41F1-0631-470F-8B88-71D87D68B853}.Debug|x86.Build.0 = Debug|Any CPU
		{C5EF41F1-0631-470F-8B88-71D87D68B853}.Release|Any CPU.ActiveCfg = Release|Any CPU
		{C5EF41F1-0631-470F-8B88-71D87D68B853}.Release|Any CPU.Build.0 = Release|Any CPU
		{C5EF41F1-0631-470F-8B88-71D87D68B853}.Release|x64.ActiveCfg = Release|Any CPU
		{C5EF41F1-0631-470F-8B88-71D87D68B853}.Release|x64.Build.0 = Release|Any CPU
		{C5EF41F1-0631-470F-8B88-71D87D68B853}.Release|x86.ActiveCfg = Release|Any CPU
		{C5EF41F1-0631-470F-8B88-71D87D68B853}.Release|x86.Build.0 = Release|Any CPU
		{8DEB813B-1AF5-479E-9227-0932F53F7047}.Debug|Any CPU.ActiveCfg = Debug|Any CPU
		{8DEB813B-1AF5-479E-9227-0932F53F7047}.Debug|Any CPU.Build.0 = Debug|Any CPU
		{8DEB813B-1AF5-479E-9227-0932F53F7047}.Debug|x64.ActiveCfg = Debug|Any CPU
		{8DEB813B-1AF5-479E-9227-0932F53F7047}.Debug|x64.Build.0 = Debug|Any CPU
		{8DEB813B-1AF5-479E-9227-0932F53F7047}.Debug|x86.ActiveCfg = Debug|Any CPU
		{8DEB813B-1AF5-479E-9227-0932F53F7047}.Debug|x86.Build.0 = Debug|Any CPU
		{8DEB813B-1AF5-479E-9227-0932F53F7047}.Release|Any CPU.ActiveCfg = Release|Any CPU
		{8DEB813B-1AF5-479E-9227-0932F53F7047}.Release|Any CPU.Build.0 = Release|Any CPU
		{8DEB813B-1AF5-479E-9227-0932F53F7047}.Release|x64.ActiveCfg = Release|Any CPU
		{8DEB813B-1AF5-479E-9227-0932F53F7047}.Release|x64.Build.0 = Release|Any CPU
		{8DEB813B-1AF5-479E-9227-0932F53F7047}.Release|x86.ActiveCfg = Release|Any CPU
		{8DEB813B-1AF5-479E-9227-0932F53F7047}.Release|x86.Build.0 = Release|Any CPU
		{C5F812C9-14D6-4574-A7B9-21A042682513}.Debug|Any CPU.ActiveCfg = Debug|Any CPU
		{C5F812C9-14D6-4574-A7B9-21A042682513}.Debug|Any CPU.Build.0 = Debug|Any CPU
		{C5F812C9-14D6-4574-A7B9-21A042682513}.Debug|x64.ActiveCfg = Debug|Any CPU
		{C5F812C9-14D6-4574-A7B9-21A042682513}.Debug|x64.Build.0 = Debug|Any CPU
		{C5F812C9-14D6-4574-A7B9-21A042682513}.Debug|x86.ActiveCfg = Debug|Any CPU
		{C5F812C9-14D6-4574-A7B9-21A042682513}.Debug|x86.Build.0 = Debug|Any CPU
		{C5F812C9-14D6-4574-A7B9-21A042682513}.Release|Any CPU.ActiveCfg = Release|Any CPU
		{C5F812C9-14D6-4574-A7B9-21A042682513}.Release|Any CPU.Build.0 = Release|Any CPU
		{C5F812C9-14D6-4574-A7B9-21A042682513}.Release|x64.ActiveCfg = Release|Any CPU
		{C5F812C9-14D6-4574-A7B9-21A042682513}.Release|x64.Build.0 = Release|Any CPU
		{C5F812C9-14D6-4574-A7B9-21A042682513}.Release|x86.ActiveCfg = Release|Any CPU
		{C5F812C9-14D6-4574-A7B9-21A042682513}.Release|x86.Build.0 = Release|Any CPU
		{981DD910-C014-464B-9876-F60AE3602661}.Debug|Any CPU.ActiveCfg = Debug|Any CPU
		{981DD910-C014-464B-9876-F60AE3602661}.Debug|Any CPU.Build.0 = Debug|Any CPU
		{981DD910-C014-464B-9876-F60AE3602661}.Debug|x64.ActiveCfg = Debug|Any CPU
		{981DD910-C014-464B-9876-F60AE3602661}.Debug|x64.Build.0 = Debug|Any CPU
		{981DD910-C014-464B-9876-F60AE3602661}.Debug|x86.ActiveCfg = Debug|Any CPU
		{981DD910-C014-464B-9876-F60AE3602661}.Debug|x86.Build.0 = Debug|Any CPU
		{981DD910-C014-464B-9876-F60AE3602661}.Release|Any CPU.ActiveCfg = Release|Any CPU
		{981DD910-C014-464B-9876-F60AE3602661}.Release|Any CPU.Build.0 = Release|Any CPU
		{981DD910-C014-464B-9876-F60AE3602661}.Release|x64.ActiveCfg = Release|Any CPU
		{981DD910-C014-464B-9876-F60AE3602661}.Release|x64.Build.0 = Release|Any CPU
		{981DD910-C014-464B-9876-F60AE3602661}.Release|x86.ActiveCfg = Release|Any CPU
		{981DD910-C014-464B-9876-F60AE3602661}.Release|x86.Build.0 = Release|Any CPU
		{725F6F43-F74C-4736-82D1-0B08EDC345A6}.Debug|Any CPU.ActiveCfg = Debug|Any CPU
		{725F6F43-F74C-4736-82D1-0B08EDC345A6}.Debug|Any CPU.Build.0 = Debug|Any CPU
		{725F6F43-F74C-4736-82D1-0B08EDC345A6}.Debug|x64.ActiveCfg = Debug|Any CPU
		{725F6F43-F74C-4736-82D1-0B08EDC345A6}.Debug|x64.Build.0 = Debug|Any CPU
		{725F6F43-F74C-4736-82D1-0B08EDC345A6}.Debug|x86.ActiveCfg = Debug|Any CPU
		{725F6F43-F74C-4736-82D1-0B08EDC345A6}.Debug|x86.Build.0 = Debug|Any CPU
		{725F6F43-F74C-4736-82D1-0B08EDC345A6}.Release|Any CPU.ActiveCfg = Release|Any CPU
		{725F6F43-F74C-4736-82D1-0B08EDC345A6}.Release|Any CPU.Build.0 = Release|Any CPU
		{725F6F43-F74C-4736-82D1-0B08EDC345A6}.Release|x64.ActiveCfg = Release|Any CPU
		{725F6F43-F74C-4736-82D1-0B08EDC345A6}.Release|x64.Build.0 = Release|Any CPU
		{725F6F43-F74C-4736-82D1-0B08EDC345A6}.Release|x86.ActiveCfg = Release|Any CPU
		{725F6F43-F74C-4736-82D1-0B08EDC345A6}.Release|x86.Build.0 = Release|Any CPU
	EndGlobalSection
	GlobalSection(SolutionProperties) = preSolution
		HideSolutionNode = FALSE
	EndGlobalSection
	GlobalSection(NestedProjects) = preSolution
		{66551447-8E30-46C6-ABFA-7147EC6FFAA6} = {B280334D-A924-4F2E-9AF3-BA7566335FB0}
		{4FFBEE34-716C-48CF-A610-214F5507E50D} = {B280334D-A924-4F2E-9AF3-BA7566335FB0}
		{F1896EAE-D9DE-40CB-A1B0-438F5281CD7F} = {B280334D-A924-4F2E-9AF3-BA7566335FB0}
		{EADB8A20-179B-4092-A338-058F61D7487A} = {B280334D-A924-4F2E-9AF3-BA7566335FB0}
		{99FFFC5B-69E5-44B9-B0B6-BF74E664EFC6} = {DBDA05E0-4065-4C83-8C2B-29C1A77BFA98}
		{D71150B9-59E2-4723-81FD-9074261172DD} = {DBDA05E0-4065-4C83-8C2B-29C1A77BFA98}
		{D5E8C294-C317-42CB-96E4-33D64B0CA846} = {DBDA05E0-4065-4C83-8C2B-29C1A77BFA98}
		{8B8EC21D-A64F-402B-829A-E1E9187EE5A5} = {B280334D-A924-4F2E-9AF3-BA7566335FB0}
		{E1A9972C-62ED-4468-89ED-CFD928974C8A} = {DBDA05E0-4065-4C83-8C2B-29C1A77BFA98}
		{4CE167A4-1CC3-4652-A61B-05F1D2C300C4} = {B280334D-A924-4F2E-9AF3-BA7566335FB0}
		{BED0F767-B5EB-4F98-A319-6A5185CFF159} = {B280334D-A924-4F2E-9AF3-BA7566335FB0}
		{C7246369-B72F-4C6E-951A-63E86676E1ED} = {DBDA05E0-4065-4C83-8C2B-29C1A77BFA98}
		{4C9A2C86-6649-48D8-8335-F7BC3E12C9A3} = {B280334D-A924-4F2E-9AF3-BA7566335FB0}
		{C5EF41F1-0631-470F-8B88-71D87D68B853} = {B280334D-A924-4F2E-9AF3-BA7566335FB0}
		{8DEB813B-1AF5-479E-9227-0932F53F7047} = {B280334D-A924-4F2E-9AF3-BA7566335FB0}
		{981DD910-C014-464B-9876-F60AE3602661} = {B280334D-A924-4F2E-9AF3-BA7566335FB0}
		{725F6F43-F74C-4736-82D1-0B08EDC345A6} = {B280334D-A924-4F2E-9AF3-BA7566335FB0}
		{C5F812C9-14D6-4574-A7B9-21A042682513} = {B280334D-A924-4F2E-9AF3-BA7566335FB0}
	EndGlobalSection
	GlobalSection(ExtensibilityGlobals) = postSolution
		SolutionGuid = {73E41161-D239-4EB6-8C90-A0FEA88D4E7C}
	EndGlobalSection
EndGlobal
